// !$*UTF8*$!
{
	archiveVersion = 1;
	classes = {
	};
	objectVersion = 46;
	objects = {

/* Begin PBXBuildFile section */
		524A724D1DC127910078379A /* AppDelegate.swift in Sources */ = {isa = PBXBuildFile; fileRef = 524A724C1DC127910078379A /* AppDelegate.swift */; };
		524A724F1DC127910078379A /* ViewController.swift in Sources */ = {isa = PBXBuildFile; fileRef = 524A724E1DC127910078379A /* ViewController.swift */; };
		524A72521DC127910078379A /* Main.storyboard in Resources */ = {isa = PBXBuildFile; fileRef = 524A72501DC127910078379A /* Main.storyboard */; };
		524A72541DC127910078379A /* Assets.xcassets in Resources */ = {isa = PBXBuildFile; fileRef = 524A72531DC127910078379A /* Assets.xcassets */; };
		524A72571DC127910078379A /* LaunchScreen.storyboard in Resources */ = {isa = PBXBuildFile; fileRef = 524A72551DC127910078379A /* LaunchScreen.storyboard */; };
/* End PBXBuildFile section */

/* Begin PBXFileReference section */
		524A72491DC127910078379A /* Winchester.app */ = {isa = PBXFileReference; explicitFileType = wrapper.application; includeInIndex = 0; path = Winchester.app; sourceTree = BUILT_PRODUCTS_DIR; };
		524A724C1DC127910078379A /* AppDelegate.swift */ = {isa = PBXFileReference; lastKnownFileType = sourcecode.swift; path = AppDelegate.swift; sourceTree = "<group>"; };
		524A724E1DC127910078379A /* ViewController.swift */ = {isa = PBXFileReference; lastKnownFileType = sourcecode.swift; path = ViewController.swift; sourceTree = "<group>"; };
		524A72511DC127910078379A /* Base */ = {isa = PBXFileReference; lastKnownFileType = file.storyboard; name = Base; path = Base.lproj/Main.storyboard; sourceTree = "<group>"; };
		524A72531DC127910078379A /* Assets.xcassets */ = {isa = PBXFileReference; lastKnownFileType = folder.assetcatalog; path = Assets.xcassets; sourceTree = "<group>"; };
		524A72561DC127910078379A /* Base */ = {isa = PBXFileReference; lastKnownFileType = file.storyboard; name = Base; path = Base.lproj/LaunchScreen.storyboard; sourceTree = "<group>"; };
		524A72581DC127910078379A /* Info.plist */ = {isa = PBXFileReference; lastKnownFileType = text.plist.xml; path = Info.plist; sourceTree = "<group>"; };
/* End PBXFileReference section */

/* Begin PBXFrameworksBuildPhase section */
		524A72461DC127910078379A /* Frameworks */ = {
			isa = PBXFrameworksBuildPhase;
			buildActionMask = 2147483647;
			files = (
			);
			runOnlyForDeploymentPostprocessing = 0;
		};
/* End PBXFrameworksBuildPhase section */

/* Begin PBXGroup section */
		524A72401DC127910078379A = {
			isa = PBXGroup;
			children = (
				524A724B1DC127910078379A /* Winchester */,
				524A724A1DC127910078379A /* Products */,
			);
			sourceTree = "<group>";
		};
		524A724A1DC127910078379A /* Products */ = {
			isa = PBXGroup;
			children = (
				524A72491DC127910078379A /* Winchester.app */,
			);
			name = Products;
			sourceTree = "<group>";
		};
		524A724B1DC127910078379A /* Winchester */ = {
			isa = PBXGroup;
			children = (
				524A724C1DC127910078379A /* AppDelegate.swift */,
				524A724E1DC127910078379A /* ViewController.swift */,
				524A72501DC127910078379A /* Main.storyboard */,
				524A72531DC127910078379A /* Assets.xcassets */,
				524A72551DC127910078379A /* LaunchScreen.storyboard */,
				524A72581DC127910078379A /* Info.plist */,
			);
			path = Winchester;
			sourceTree = "<group>";
		};
/* End PBXGroup section */

/* Begin PBXNativeTarget section */
		524A72481DC127910078379A /* Winchester */ = {
			isa = PBXNativeTarget;
			buildConfigurationList = 524A725B1DC127910078379A /* Build configuration list for PBXNativeTarget "Winchester" */;
			buildPhases = (
				524A72451DC127910078379A /* Sources */,
				524A72461DC127910078379A /* Frameworks */,
				524A72471DC127910078379A /* Resources */,
			);
			buildRules = (
			);
			dependencies = (
			);
			name = Winchester;
			productName = Winchester;
			productReference = 524A72491DC127910078379A /* Winchester.app */;
			productType = "com.apple.product-type.application";
		};
/* End PBXNativeTarget section */

/* Begin PBXProject section */
		524A72411DC127910078379A /* Project object */ = {
			isa = PBXProject;
			attributes = {
				LastSwiftUpdateCheck = 0800;
				LastUpgradeCheck = 0800;
				ORGANIZATIONNAME = proxpero;
				TargetAttributes = {
					524A72481DC127910078379A = {
						CreatedOnToolsVersion = 8.0;
						DevelopmentTeam = 55SVD8WGE3;
						ProvisioningStyle = Automatic;
					};
				};
			};
			buildConfigurationList = 524A72441DC127910078379A /* Build configuration list for PBXProject "Winchester" */;
			compatibilityVersion = "Xcode 3.2";
			developmentRegion = English;
			hasScannedForEncodings = 0;
			knownRegions = (
				en,
				Base,
			);
			mainGroup = 524A72401DC127910078379A;
			productRefGroup = 524A724A1DC127910078379A /* Products */;
			projectDirPath = "";
			projectRoot = "";
			targets = (
				524A72481DC127910078379A /* Winchester */,
			);
		};
/* End PBXProject section */

/* Begin PBXResourcesBuildPhase section */
		524A72471DC127910078379A /* Resources */ = {
			isa = PBXResourcesBuildPhase;
			buildActionMask = 2147483647;
			files = (
				524A72571DC127910078379A /* LaunchScreen.storyboard in Resources */,
				524A72541DC127910078379A /* Assets.xcassets in Resources */,
				524A72521DC127910078379A /* Main.storyboard in Resources */,
			);
			runOnlyForDeploymentPostprocessing = 0;
		};
/* End PBXResourcesBuildPhase section */

/* Begin PBXSourcesBuildPhase section */
		524A72451DC127910078379A /* Sources */ = {
			isa = PBXSourcesBuildPhase;
			buildActionMask = 2147483647;
			files = (
				524A724F1DC127910078379A /* ViewController.swift in Sources */,
				524A724D1DC127910078379A /* AppDelegate.swift in Sources */,
			);
			runOnlyForDeploymentPostprocessing = 0;
		};
/* End PBXSourcesBuildPhase section */

/* Begin PBXVariantGroup section */
		524A72501DC127910078379A /* Main.storyboard */ = {
			isa = PBXVariantGroup;
			children = (
				524A72511DC127910078379A /* Base */,
			);
			name = Main.storyboard;
			sourceTree = "<group>";
		};
		524A72551DC127910078379A /* LaunchScreen.storyboard */ = {
			isa = PBXVariantGroup;
			children = (
				524A72561DC127910078379A /* Base */,
			);
			name = LaunchScreen.storyboard;
			sourceTree = "<group>";
		};
/* End PBXVariantGroup section */

/* Begin XCBuildConfiguration section */
		524A72591DC127910078379A /* Debug */ = {
			isa = XCBuildConfiguration;
			buildSettings = {
				ALWAYS_SEARCH_USER_PATHS = NO;
				CLANG_ANALYZER_NONNULL = YES;
				CLANG_CXX_LANGUAGE_STANDARD = "gnu++0x";
				CLANG_CXX_LIBRARY = "libc++";
				CLANG_ENABLE_MODULES = YES;
				CLANG_ENABLE_OBJC_ARC = YES;
				CLANG_WARN_BOOL_CONVERSION = YES;
				CLANG_WARN_CONSTANT_CONVERSION = YES;
				CLANG_WARN_DIRECT_OBJC_ISA_USAGE = YES_ERROR;
				CLANG_WARN_DOCUMENTATION_COMMENTS = YES;
				CLANG_WARN_EMPTY_BODY = YES;
				CLANG_WARN_ENUM_CONVERSION = YES;
				CLANG_WARN_INFINITE_RECURSION = YES;
				CLANG_WARN_INT_CONVERSION = YES;
				CLANG_WARN_OBJC_ROOT_CLASS = YES_ERROR;
				CLANG_WARN_SUSPICIOUS_MOVES = YES;
				CLANG_WARN_UNREACHABLE_CODE = YES;
				CLANG_WARN__DUPLICATE_METHOD_MATCH = YES;
				"CODE_SIGN_IDENTITY[sdk=iphoneos*]" = "iPhone Developer";
				COPY_PHASE_STRIP = NO;
				DEBUG_INFORMATION_FORMAT = dwarf;
				ENABLE_STRICT_OBJC_MSGSEND = YES;
				ENABLE_TESTABILITY = YES;
				GCC_C_LANGUAGE_STANDARD = gnu99;
				GCC_DYNAMIC_NO_PIC = NO;
				GCC_NO_COMMON_BLOCKS = YES;
				GCC_OPTIMIZATION_LEVEL = 0;
				GCC_PREPROCESSOR_DEFINITIONS = (
					"DEBUG=1",
					"$(inherited)",
				);
				GCC_WARN_64_TO_32_BIT_CONVERSION = YES;
				GCC_WARN_ABOUT_RETURN_TYPE = YES_ERROR;
				GCC_WARN_UNDECLARED_SELECTOR = YES;
				GCC_WARN_UNINITIALIZED_AUTOS = YES_AGGRESSIVE;
				GCC_WARN_UNUSED_FUNCTION = YES;
				GCC_WARN_UNUSED_VARIABLE = YES;
				IPHONEOS_DEPLOYMENT_TARGET = 10.0;
				MTL_ENABLE_DEBUG_INFO = YES;
				ONLY_ACTIVE_ARCH = YES;
				SDKROOT = iphoneos;
				SWIFT_ACTIVE_COMPILATION_CONDITIONS = DEBUG;
				SWIFT_OPTIMIZATION_LEVEL = "-Onone";
				TARGETED_DEVICE_FAMILY = "1,2";
			};
			name = Debug;
		};
		524A725A1DC127910078379A /* Release */ = {
			isa = XCBuildConfiguration;
			buildSettings = {
				ALWAYS_SEARCH_USER_PATHS = NO;
				CLANG_ANALYZER_NONNULL = YES;
				CLANG_CXX_LANGUAGE_STANDARD = "gnu++0x";
				CLANG_CXX_LIBRARY = "libc++";
				CLANG_ENABLE_MODULES = YES;
				CLANG_ENABLE_OBJC_ARC = YES;
				CLANG_WARN_BOOL_CONVERSION = YES;
				CLANG_WARN_CONSTANT_CONVERSION = YES;
				CLANG_WARN_DIRECT_OBJC_ISA_USAGE = YES_ERROR;
				CLANG_WARN_DOCUMENTATION_COMMENTS = YES;
				CLANG_WARN_EMPTY_BODY = YES;
				CLANG_WARN_ENUM_CONVERSION = YES;
				CLANG_WARN_INFINITE_RECURSION = YES;
				CLANG_WARN_INT_CONVERSION = YES;
				CLANG_WARN_OBJC_ROOT_CLASS = YES_ERROR;
				CLANG_WARN_SUSPICIOUS_MOVES = YES;
				CLANG_WARN_UNREACHABLE_CODE = YES;
				CLANG_WARN__DUPLICATE_METHOD_MATCH = YES;
				"CODE_SIGN_IDENTITY[sdk=iphoneos*]" = "iPhone Developer";
				COPY_PHASE_STRIP = NO;
				DEBUG_INFORMATION_FORMAT = "dwarf-with-dsym";
				ENABLE_NS_ASSERTIONS = NO;
				ENABLE_STRICT_OBJC_MSGSEND = YES;
				GCC_C_LANGUAGE_STANDARD = gnu99;
				GCC_NO_COMMON_BLOCKS = YES;
				GCC_WARN_64_TO_32_BIT_CONVERSION = YES;
				GCC_WARN_ABOUT_RETURN_TYPE = YES_ERROR;
				GCC_WARN_UNDECLARED_SELECTOR = YES;
				GCC_WARN_UNINITIALIZED_AUTOS = YES_AGGRESSIVE;
				GCC_WARN_UNUSED_FUNCTION = YES;
				GCC_WARN_UNUSED_VARIABLE = YES;
				IPHONEOS_DEPLOYMENT_TARGET = 10.0;
				MTL_ENABLE_DEBUG_INFO = NO;
				SDKROOT = iphoneos;
				SWIFT_OPTIMIZATION_LEVEL = "-Owholemodule";
				TARGETED_DEVICE_FAMILY = "1,2";
				VALIDATE_PRODUCT = YES;
			};
			name = Release;
		};
		524A725C1DC127910078379A /* Debug */ = {
			isa = XCBuildConfiguration;
			buildSettings = {
				ASSETCATALOG_COMPILER_APPICON_NAME = AppIcon;
				DEVELOPMENT_TEAM = 55SVD8WGE3;
				INFOPLIST_FILE = Winchester/Info.plist;
				LD_RUNPATH_SEARCH_PATHS = "$(inherited) @executable_path/Frameworks";
				PRODUCT_BUNDLE_IDENTIFIER = "Todd-Olsen.Winchester";
				PRODUCT_NAME = "$(TARGET_NAME)";
				SWIFT_VERSION = 3.0;
			};
			name = Debug;
		};
		524A725D1DC127910078379A /* Release */ = {
			isa = XCBuildConfiguration;
			buildSettings = {
				ASSETCATALOG_COMPILER_APPICON_NAME = AppIcon;
				DEVELOPMENT_TEAM = 55SVD8WGE3;
				INFOPLIST_FILE = Winchester/Info.plist;
				LD_RUNPATH_SEARCH_PATHS = "$(inherited) @executable_path/Frameworks";
				PRODUCT_BUNDLE_IDENTIFIER = "Todd-Olsen.Winchester";
				PRODUCT_NAME = "$(TARGET_NAME)";
				SWIFT_VERSION = 3.0;
			};
			name = Release;
		};
/* End XCBuildConfiguration section */

/* Begin XCConfigurationList section */
		524A72441DC127910078379A /* Build configuration list for PBXProject "Winchester" */ = {
			isa = XCConfigurationList;
			buildConfigurations = (
				524A72591DC127910078379A /* Debug */,
				524A725A1DC127910078379A /* Release */,
			);
			defaultConfigurationIsVisible = 0;
			defaultConfigurationName = Release;
		};
		524A725B1DC127910078379A /* Build configuration list for PBXNativeTarget "Winchester" */ = {
			isa = XCConfigurationList;
			buildConfigurations = (
				524A725C1DC127910078379A /* Debug */,
				524A725D1DC127910078379A /* Release */,
			);
			defaultConfigurationIsVisible = 0;
		};
/* End XCConfigurationList section */
	};
	rootObject = 524A72411DC127910078379A /* Project object */;
}
