// !$*UTF8*$!
{
	archiveVersion = 1;
	classes = {
	};
	objectVersion = 46;
	objects = {

/* Begin PBXBuildFile section */
		520C4D7F1DE37DB3007DC21A /* Shared.h in Headers */ = {isa = PBXBuildFile; fileRef = 520C4D7D1DE37DB3007DC21A /* Shared.h */; settings = {ATTRIBUTES = (Public, ); }; };
		520C4D821DE37DB3007DC21A /* Shared.framework in Frameworks */ = {isa = PBXBuildFile; fileRef = 520C4D7B1DE37DB3007DC21A /* Shared.framework */; };
		520C4D831DE37DB3007DC21A /* Shared.framework in Embed Frameworks */ = {isa = PBXBuildFile; fileRef = 520C4D7B1DE37DB3007DC21A /* Shared.framework */; settings = {ATTRIBUTES = (CodeSignOnCopy, RemoveHeadersOnCopy, ); }; };
		520C4D9D1DE37DE8007DC21A /* AppDataSource.swift in Sources */ = {isa = PBXBuildFile; fileRef = 520C4D871DE37DE8007DC21A /* AppDataSource.swift */; };
		520C4D9E1DE37DE8007DC21A /* Arrow.swift in Sources */ = {isa = PBXBuildFile; fileRef = 520C4D881DE37DE8007DC21A /* Arrow.swift */; };
		520C4D9F1DE37DE8007DC21A /* Assets.xcassets in Resources */ = {isa = PBXBuildFile; fileRef = 520C4D891DE37DE8007DC21A /* Assets.xcassets */; };
		520C4DA01DE37DE8007DC21A /* BoardInteractionProtocol.swift in Sources */ = {isa = PBXBuildFile; fileRef = 520C4D8A1DE37DE8007DC21A /* BoardInteractionProtocol.swift */; };
		520C4DA11DE37DE8007DC21A /* BoardView.swift in Sources */ = {isa = PBXBuildFile; fileRef = 520C4D8B1DE37DE8007DC21A /* BoardView.swift */; };
		520C4DA21DE37DE8007DC21A /* BoardViewDelegate.swift in Sources */ = {isa = PBXBuildFile; fileRef = 520C4D8C1DE37DE8007DC21A /* BoardViewDelegate.swift */; };
		520C4DA31DE37DE8007DC21A /* BoardViewDelegateType.swift in Sources */ = {isa = PBXBuildFile; fileRef = 520C4D8D1DE37DE8007DC21A /* BoardViewDelegateType.swift */; };
		520C4DA41DE37DE8007DC21A /* BoardViewProtocol.swift in Sources */ = {isa = PBXBuildFile; fileRef = 520C4D8E1DE37DE8007DC21A /* BoardViewProtocol.swift */; };
		520C4DA51DE37DE8007DC21A /* Cache.swift in Sources */ = {isa = PBXBuildFile; fileRef = 520C4D8F1DE37DE8007DC21A /* Cache.swift */; };
		520C4DA61DE37DE8007DC21A /* CapturedPiecesView.swift in Sources */ = {isa = PBXBuildFile; fileRef = 520C4D901DE37DE8007DC21A /* CapturedPiecesView.swift */; };
		520C4DA71DE37DE8007DC21A /* CapturedPiecesViewController.swift in Sources */ = {isa = PBXBuildFile; fileRef = 520C4D911DE37DE8007DC21A /* CapturedPiecesViewController.swift */; };
		520C4DA91DE37DE8007DC21A /* GameViewControllerType.swift in Sources */ = {isa = PBXBuildFile; fileRef = 520C4D931DE37DE8007DC21A /* GameViewControllerType.swift */; };
		520C4DAA1DE37DE8007DC21A /* HistoryTraversable.swift in Sources */ = {isa = PBXBuildFile; fileRef = 520C4D941DE37DE8007DC21A /* HistoryTraversable.swift */; };
		520C4DAB1DE37DE8007DC21A /* HistoryView.swift in Sources */ = {isa = PBXBuildFile; fileRef = 520C4D951DE37DE8007DC21A /* HistoryView.swift */; };
		520C4DAD1DE37DE8007DC21A /* NodeType.swift in Sources */ = {isa = PBXBuildFile; fileRef = 520C4D971DE37DE8007DC21A /* NodeType.swift */; };
		520C4DAE1DE37DE8007DC21A /* Piece+Winchester.swift in Sources */ = {isa = PBXBuildFile; fileRef = 520C4D981DE37DE8007DC21A /* Piece+Winchester.swift */; };
		520C4DAF1DE37DE8007DC21A /* PieceNodeCaptureProtocol.swift in Sources */ = {isa = PBXBuildFile; fileRef = 520C4D991DE37DE8007DC21A /* PieceNodeCaptureProtocol.swift */; };
		520C4DB01DE37DE8007DC21A /* PieceNodeDataSource.swift in Sources */ = {isa = PBXBuildFile; fileRef = 520C4D9A1DE37DE8007DC21A /* PieceNodeDataSource.swift */; };
		520C4DB11DE37DE8007DC21A /* Shims.swift in Sources */ = {isa = PBXBuildFile; fileRef = 520C4D9B1DE37DE8007DC21A /* Shims.swift */; };
		520C4DB21DE37DE8007DC21A /* Square+Winchester.swift in Sources */ = {isa = PBXBuildFile; fileRef = 520C4D9C1DE37DE8007DC21A /* Square+Winchester.swift */; };
		520C4DB31DE37E5A007DC21A /* Endgame.framework in Frameworks */ = {isa = PBXBuildFile; fileRef = 520C4D691DE37521007DC21A /* Endgame.framework */; };
		520C4DB91DE39816007DC21A /* PromotionNode.swift in Sources */ = {isa = PBXBuildFile; fileRef = 520C4DB81DE39816007DC21A /* PromotionNode.swift */; };
		520C4DBC1DE3AAA0007DC21A /* CoreGraphics+Winchester.swift in Sources */ = {isa = PBXBuildFile; fileRef = 520C4D921DE37DE8007DC21A /* CoreGraphics+Winchester.swift */; };
		520C4DBD1DE40215007DC21A /* Assets.xcassets in Resources */ = {isa = PBXBuildFile; fileRef = 520C4D891DE37DE8007DC21A /* Assets.xcassets */; };
		520C4DC01DE40644007DC21A /* Endgame.framework in Frameworks */ = {isa = PBXBuildFile; fileRef = 524A14DD1DC6CA7B003BC9AC /* Endgame.framework */; };
		520C4DC11DE40644007DC21A /* Endgame.framework in Embed Frameworks */ = {isa = PBXBuildFile; fileRef = 524A14DD1DC6CA7B003BC9AC /* Endgame.framework */; settings = {ATTRIBUTES = (CodeSignOnCopy, RemoveHeadersOnCopy, ); }; };
		520C4DE81DE4080E007DC21A /* Messages.framework in Frameworks */ = {isa = PBXBuildFile; fileRef = 520C4DD11DE40797007DC21A /* Messages.framework */; };
		520C4DEE1DE4080E007DC21A /* MainInterface.storyboard in Resources */ = {isa = PBXBuildFile; fileRef = 520C4DEC1DE4080E007DC21A /* MainInterface.storyboard */; };
		520C4DF01DE4080E007DC21A /* Assets.xcassets in Resources */ = {isa = PBXBuildFile; fileRef = 520C4DEF1DE4080E007DC21A /* Assets.xcassets */; };
		520C4DF41DE4080E007DC21A /* Winchester.appex in Embed App Extensions */ = {isa = PBXBuildFile; fileRef = 520C4DE71DE4080E007DC21A /* Winchester.appex */; settings = {ATTRIBUTES = (RemoveHeadersOnCopy, ); }; };
		520C4DF81DE40825007DC21A /* Shared.framework in Frameworks */ = {isa = PBXBuildFile; fileRef = 520C4D7B1DE37DB3007DC21A /* Shared.framework */; };
		520C4DF91DE4082B007DC21A /* Endgame.framework in Frameworks */ = {isa = PBXBuildFile; fileRef = 524A14DD1DC6CA7B003BC9AC /* Endgame.framework */; };
		520C4E041DE409E6007DC21A /* ChessGameCache.swift in Sources */ = {isa = PBXBuildFile; fileRef = 520C4DFA1DE409E6007DC21A /* ChessGameCache.swift */; };
		520C4E051DE409E6007DC21A /* ChessGamesViewController.swift in Sources */ = {isa = PBXBuildFile; fileRef = 520C4DFB1DE409E6007DC21A /* ChessGamesViewController.swift */; };
		520C4E071DE409E6007DC21A /* CreateCell.swift in Sources */ = {isa = PBXBuildFile; fileRef = 520C4DFD1DE409E6007DC21A /* CreateCell.swift */; };
		520C4E081DE409E6007DC21A /* Endgame+Messages.swift in Sources */ = {isa = PBXBuildFile; fileRef = 520C4DFE1DE409E6007DC21A /* Endgame+Messages.swift */; };
		520C4E091DE409E6007DC21A /* GameCell.swift in Sources */ = {isa = PBXBuildFile; fileRef = 520C4DFF1DE409E6007DC21A /* GameCell.swift */; };
		520C4E0A1DE409E6007DC21A /* GameHistory.swift in Sources */ = {isa = PBXBuildFile; fileRef = 520C4E001DE409E6007DC21A /* GameHistory.swift */; };
		520C4E0B1DE409E6007DC21A /* GameImageCache.swift in Sources */ = {isa = PBXBuildFile; fileRef = 520C4E011DE409E6007DC21A /* GameImageCache.swift */; };
		520C4E0C1DE409E6007DC21A /* MessagesViewController.swift in Sources */ = {isa = PBXBuildFile; fileRef = 520C4E021DE409E6007DC21A /* MessagesViewController.swift */; };
		520C4E0D1DE409E6007DC21A /* Opponent.swift in Sources */ = {isa = PBXBuildFile; fileRef = 520C4E031DE409E6007DC21A /* Opponent.swift */; };
		520C4E0E1DE41243007DC21A /* Assets.xcassets in Resources */ = {isa = PBXBuildFile; fileRef = 520C4D891DE37DE8007DC21A /* Assets.xcassets */; };
		5225DD011DB544CB00F74330 /* fischer v fine.pgn in Resources */ = {isa = PBXBuildFile; fileRef = 5225DCFE1DB544CB00F74330 /* fischer v fine.pgn */; };
		5225DD041DB544CB00F74330 /* reti v rubenstein.pgn in Resources */ = {isa = PBXBuildFile; fileRef = 5225DCFF1DB544CB00F74330 /* reti v rubenstein.pgn */; };
		5225DD071DB544CB00F74330 /* shirov v polgar.pgn in Resources */ = {isa = PBXBuildFile; fileRef = 5225DD001DB544CB00F74330 /* shirov v polgar.pgn */; };
		5237A6631D970B7C00BAC16E /* Main.storyboard in Resources */ = {isa = PBXBuildFile; fileRef = 5237A6611D970B7C00BAC16E /* Main.storyboard */; };
		5240586F1D638483000A925C /* LaunchScreen.storyboard in Resources */ = {isa = PBXBuildFile; fileRef = 5240586B1D638483000A925C /* LaunchScreen.storyboard */; };
		524058CA1D63FA64000A925C /* WinchesterTests.swift in Sources */ = {isa = PBXBuildFile; fileRef = 5282880E1D6113310014B105 /* WinchesterTests.swift */; };
		526751281DE60D64006B11C1 /* Game.storyboard in Resources */ = {isa = PBXBuildFile; fileRef = 526751271DE60D64006B11C1 /* Game.storyboard */; };
		526751291DE61442006B11C1 /* Shared_iOS.framework in Frameworks */ = {isa = PBXBuildFile; fileRef = 52FDDBFA1DE602E6008E9621 /* Shared_iOS.framework */; };
		528E212D1DC17E9800C45E17 /* AppCoordinator.swift in Sources */ = {isa = PBXBuildFile; fileRef = 528E211E1DC17E9800C45E17 /* AppCoordinator.swift */; };
		528E212E1DC17E9800C45E17 /* AppDelegate.swift in Sources */ = {isa = PBXBuildFile; fileRef = 528E211F1DC17E9800C45E17 /* AppDelegate.swift */; };
		528E21301DC17E9800C45E17 /* Game+Endgame.swift in Sources */ = {isa = PBXBuildFile; fileRef = 528E21211DC17E9800C45E17 /* Game+Endgame.swift */; };
		528E21371DC17E9800C45E17 /* RootCollectionViewController.swift in Sources */ = {isa = PBXBuildFile; fileRef = 528E21281DC17E9800C45E17 /* RootCollectionViewController.swift */; };
		528E21381DC17E9800C45E17 /* ShowGameCell.swift in Sources */ = {isa = PBXBuildFile; fileRef = 528E21291DC17E9800C45E17 /* ShowGameCell.swift */; };
		52BA800B1DAD244F00E15277 /* fischer v fine.pgn in Resources */ = {isa = PBXBuildFile; fileRef = 52BA80081DAD244F00E15277 /* fischer v fine.pgn */; };
		52BA800E1DAD244F00E15277 /* reti v rubenstein.pgn in Resources */ = {isa = PBXBuildFile; fileRef = 52BA80091DAD244F00E15277 /* reti v rubenstein.pgn */; };
		52BA80111DAD244F00E15277 /* shirov v polgar.pgn in Resources */ = {isa = PBXBuildFile; fileRef = 52BA800A1DAD244F00E15277 /* shirov v polgar.pgn */; };
		52BCD0A01DC198B7005D1CC2 /* fischer v thomason.pgn in Resources */ = {isa = PBXBuildFile; fileRef = 52BCD09E1DC198B7005D1CC2 /* fischer v thomason.pgn */; };
		52BCD0A31DC198B7005D1CC2 /* fischer v warner.pgn in Resources */ = {isa = PBXBuildFile; fileRef = 52BCD09F1DC198B7005D1CC2 /* fischer v warner.pgn */; };
		52C0C08F1DE8A1C200F60B17 /* UIKit+Winchester.swift in Sources */ = {isa = PBXBuildFile; fileRef = 52C0C08E1DE8A1C200F60B17 /* UIKit+Winchester.swift */; };
		52E325011DC282CF001FE392 /* SettingsViewController.swift in Sources */ = {isa = PBXBuildFile; fileRef = 52E325001DC282CF001FE392 /* SettingsViewController.swift */; };
		52FDDBD41DE5DBD2008E9621 /* BoardViewType.swift in Sources */ = {isa = PBXBuildFile; fileRef = 52FDDBD31DE5DBD2008E9621 /* BoardViewType.swift */; };
		52FDDBD61DE5DCA8008E9621 /* PromotionNodeProtocol.swift in Sources */ = {isa = PBXBuildFile; fileRef = 52FDDBD51DE5DCA8008E9621 /* PromotionNodeProtocol.swift */; };
		52FDDBD81DE5DF3D008E9621 /* BoardView+BoardViewProtocol.swift in Sources */ = {isa = PBXBuildFile; fileRef = 52FDDBD71DE5DF3D008E9621 /* BoardView+BoardViewProtocol.swift */; };
		52FDDBDA1DE5E03A008E9621 /* BoardView+Interaction.swift in Sources */ = {isa = PBXBuildFile; fileRef = 52FDDBD91DE5E03A008E9621 /* BoardView+Interaction.swift */; };
		52FDDBDC1DE5E074008E9621 /* BoardView+Promotion.swift in Sources */ = {isa = PBXBuildFile; fileRef = 52FDDBDB1DE5E074008E9621 /* BoardView+Promotion.swift */; };
		52FDDBDF1DE5E1DA008E9621 /* GameViewControllerType+GameDelegate.swift in Sources */ = {isa = PBXBuildFile; fileRef = 52FDDBDE1DE5E1DA008E9621 /* GameViewControllerType+GameDelegate.swift */; };
		52FDDBE21DE5E27D008E9621 /* GameViewController+BoardViewDelegateType.swift in Sources */ = {isa = PBXBuildFile; fileRef = 52FDDBE11DE5E27D008E9621 /* GameViewController+BoardViewDelegateType.swift */; };
		52FDDBE41DE5E2EF008E9621 /* HistoryViewDelegate.swift in Sources */ = {isa = PBXBuildFile; fileRef = 52FDDBE31DE5E2EF008E9621 /* HistoryViewDelegate.swift */; };
		52FDDBE61DE5E319008E9621 /* HistoryViewDataSource.swift in Sources */ = {isa = PBXBuildFile; fileRef = 52FDDBE51DE5E319008E9621 /* HistoryViewDataSource.swift */; };
		52FDDBE91DE5E391008E9621 /* HistoryViewControllerType.swift in Sources */ = {isa = PBXBuildFile; fileRef = 52FDDBE81DE5E391008E9621 /* HistoryViewControllerType.swift */; };
		52FDDBEB1DE5E406008E9621 /* BoardViewControllerType.swift in Sources */ = {isa = PBXBuildFile; fileRef = 52FDDBEA1DE5E406008E9621 /* BoardViewControllerType.swift */; };
		52FDDBEF1DE5E828008E9621 /* PieceCapturingViewDelegate.swift in Sources */ = {isa = PBXBuildFile; fileRef = 52FDDBEE1DE5E828008E9621 /* PieceCapturingViewDelegate.swift */; };
		52FDDBF21DE5EF50008E9621 /* Chessboard.xcassets in Resources */ = {isa = PBXBuildFile; fileRef = 52FDDBF11DE5EF50008E9621 /* Chessboard.xcassets */; };
		52FDDBF31DE5EFED008E9621 /* Chessboard.xcassets in Resources */ = {isa = PBXBuildFile; fileRef = 52FDDBF11DE5EF50008E9621 /* Chessboard.xcassets */; };
		52FDDBF41DE5EFEE008E9621 /* Chessboard.xcassets in Resources */ = {isa = PBXBuildFile; fileRef = 52FDDBF11DE5EF50008E9621 /* Chessboard.xcassets */; };
		52FDDBFE1DE602E6008E9621 /* Shared+iOS.h in Headers */ = {isa = PBXBuildFile; fileRef = 52FDDBFC1DE602E6008E9621 /* Shared+iOS.h */; settings = {ATTRIBUTES = (Public, ); }; };
		52FDDC021DE602F5008E9621 /* Shared.framework in Frameworks */ = {isa = PBXBuildFile; fileRef = 520C4D7B1DE37DB3007DC21A /* Shared.framework */; };
		52FDDC0B1DE6042C008E9621 /* GameViewController.swift in Sources */ = {isa = PBXBuildFile; fileRef = 52FDDC0A1DE6042C008E9621 /* GameViewController.swift */; };
		52FDDC0C1DE604AB008E9621 /* Shared_iOS.framework in Frameworks */ = {isa = PBXBuildFile; fileRef = 52FDDBFA1DE602E6008E9621 /* Shared_iOS.framework */; };
		52FDDC0D1DE604AB008E9621 /* Shared_iOS.framework in Embed Frameworks */ = {isa = PBXBuildFile; fileRef = 52FDDBFA1DE602E6008E9621 /* Shared_iOS.framework */; settings = {ATTRIBUTES = (CodeSignOnCopy, RemoveHeadersOnCopy, ); }; };
		52FDDC141DE606C7008E9621 /* BoardViewController.swift in Sources */ = {isa = PBXBuildFile; fileRef = 52FDDC101DE606C7008E9621 /* BoardViewController.swift */; };
		52FDDC151DE606C7008E9621 /* HistoryViewController.swift in Sources */ = {isa = PBXBuildFile; fileRef = 52FDDC111DE606C7008E9621 /* HistoryViewController.swift */; };
		52FDDC161DE606C7008E9621 /* TitleViewController.swift in Sources */ = {isa = PBXBuildFile; fileRef = 52FDDC121DE606C7008E9621 /* TitleViewController.swift */; };
		52FDDC191DE6083D008E9621 /* GameCoordinator.swift in Sources */ = {isa = PBXBuildFile; fileRef = 52FDDC181DE6083D008E9621 /* GameCoordinator.swift */; };
/* End PBXBuildFile section */

/* Begin PBXContainerItemProxy section */
		520C4D801DE37DB3007DC21A /* PBXContainerItemProxy */ = {
			isa = PBXContainerItemProxy;
			containerPortal = 52BAE08A1D5FD555006E2652 /* Project object */;
			proxyType = 1;
			remoteGlobalIDString = 520C4D7A1DE37DB3007DC21A;
			remoteInfo = Shared;
		};
		520C4DF21DE4080E007DC21A /* PBXContainerItemProxy */ = {
			isa = PBXContainerItemProxy;
			containerPortal = 52BAE08A1D5FD555006E2652 /* Project object */;
			proxyType = 1;
			remoteGlobalIDString = 520C4DE61DE4080E007DC21A;
			remoteInfo = Message;
		};
		524058A91D63F353000A925C /* PBXContainerItemProxy */ = {
			isa = PBXContainerItemProxy;
			containerPortal = 52BAE08A1D5FD555006E2652 /* Project object */;
			proxyType = 1;
			remoteGlobalIDString = 52BAE0911D5FD555006E2652;
			remoteInfo = "Endgame iOS";
		};
		5267512A1DE61460006B11C1 /* PBXContainerItemProxy */ = {
			isa = PBXContainerItemProxy;
			containerPortal = 52BAE08A1D5FD555006E2652 /* Project object */;
			proxyType = 1;
			remoteGlobalIDString = 52FDDBF91DE602E6008E9621;
			remoteInfo = "Shared+iOS";
		};
		52FDDC031DE602FD008E9621 /* PBXContainerItemProxy */ = {
			isa = PBXContainerItemProxy;
			containerPortal = 52BAE08A1D5FD555006E2652 /* Project object */;
			proxyType = 1;
			remoteGlobalIDString = 520C4D7A1DE37DB3007DC21A;
			remoteInfo = Shared;
		};
		52FDDC0E1DE604AB008E9621 /* PBXContainerItemProxy */ = {
			isa = PBXContainerItemProxy;
			containerPortal = 52BAE08A1D5FD555006E2652 /* Project object */;
			proxyType = 1;
			remoteGlobalIDString = 52FDDBF91DE602E6008E9621;
			remoteInfo = "Shared+iOS";
		};
/* End PBXContainerItemProxy section */

/* Begin PBXCopyFilesBuildPhase section */
		520C4D731DE37686007DC21A /* Embed Frameworks */ = {
			isa = PBXCopyFilesBuildPhase;
			buildActionMask = 12;
			dstPath = "";
			dstSubfolderSpec = 10;
			files = (
				520C4DC11DE40644007DC21A /* Endgame.framework in Embed Frameworks */,
				520C4D831DE37DB3007DC21A /* Shared.framework in Embed Frameworks */,
				52FDDC0D1DE604AB008E9621 /* Shared_iOS.framework in Embed Frameworks */,
			);
			name = "Embed Frameworks";
			runOnlyForDeploymentPostprocessing = 0;
		};
		521D1F6A1D8B0EE400A0A0E6 /* Embed App Extensions */ = {
			isa = PBXCopyFilesBuildPhase;
			buildActionMask = 2147483647;
			dstPath = "";
			dstSubfolderSpec = 13;
			files = (
				520C4DF41DE4080E007DC21A /* Winchester.appex in Embed App Extensions */,
			);
			name = "Embed App Extensions";
			runOnlyForDeploymentPostprocessing = 0;
		};
/* End PBXCopyFilesBuildPhase section */

/* Begin PBXFileReference section */
		520C4D651DE37480007DC21A /* Endgame.framework */ = {isa = PBXFileReference; lastKnownFileType = wrapper.framework; name = Endgame.framework; path = ../Endgame/build/Debug/Endgame.framework; sourceTree = "<group>"; };
		520C4D671DE3749B007DC21A /* Endgame.framework */ = {isa = PBXFileReference; lastKnownFileType = wrapper.framework; name = Endgame.framework; path = "../../../Library/Developer/Xcode/DerivedData/Winchester-gnodwbwtzsdsmocpybrbsnkexnqg/Build/Products/Debug/Endgame.framework"; sourceTree = "<group>"; };
		520C4D691DE37521007DC21A /* Endgame.framework */ = {isa = PBXFileReference; lastKnownFileType = wrapper.framework; name = Endgame.framework; path = "../../../Library/Developer/Xcode/DerivedData/Winchester-gnodwbwtzsdsmocpybrbsnkexnqg/Build/Products/Debug-iphonesimulator/Endgame.framework"; sourceTree = "<group>"; };
		520C4D7B1DE37DB3007DC21A /* Shared.framework */ = {isa = PBXFileReference; explicitFileType = wrapper.framework; includeInIndex = 0; path = Shared.framework; sourceTree = BUILT_PRODUCTS_DIR; };
		520C4D7D1DE37DB3007DC21A /* Shared.h */ = {isa = PBXFileReference; lastKnownFileType = sourcecode.c.h; path = Shared.h; sourceTree = "<group>"; };
		520C4D7E1DE37DB3007DC21A /* Info.plist */ = {isa = PBXFileReference; lastKnownFileType = text.plist.xml; path = Info.plist; sourceTree = "<group>"; };
		520C4D871DE37DE8007DC21A /* AppDataSource.swift */ = {isa = PBXFileReference; fileEncoding = 4; lastKnownFileType = sourcecode.swift; path = AppDataSource.swift; sourceTree = "<group>"; };
		520C4D881DE37DE8007DC21A /* Arrow.swift */ = {isa = PBXFileReference; fileEncoding = 4; lastKnownFileType = sourcecode.swift; path = Arrow.swift; sourceTree = "<group>"; };
		520C4D891DE37DE8007DC21A /* Assets.xcassets */ = {isa = PBXFileReference; lastKnownFileType = folder.assetcatalog; name = Assets.xcassets; path = Shared/Assets.xcassets; sourceTree = "<group>"; };
		520C4D8A1DE37DE8007DC21A /* BoardInteractionProtocol.swift */ = {isa = PBXFileReference; fileEncoding = 4; lastKnownFileType = sourcecode.swift; path = BoardInteractionProtocol.swift; sourceTree = "<group>"; };
		520C4D8B1DE37DE8007DC21A /* BoardView.swift */ = {isa = PBXFileReference; fileEncoding = 4; lastKnownFileType = sourcecode.swift; path = BoardView.swift; sourceTree = "<group>"; };
		520C4D8C1DE37DE8007DC21A /* BoardViewDelegate.swift */ = {isa = PBXFileReference; fileEncoding = 4; lastKnownFileType = sourcecode.swift; path = BoardViewDelegate.swift; sourceTree = "<group>"; };
		520C4D8D1DE37DE8007DC21A /* BoardViewDelegateType.swift */ = {isa = PBXFileReference; fileEncoding = 4; lastKnownFileType = sourcecode.swift; path = BoardViewDelegateType.swift; sourceTree = "<group>"; };
		520C4D8E1DE37DE8007DC21A /* BoardViewProtocol.swift */ = {isa = PBXFileReference; fileEncoding = 4; lastKnownFileType = sourcecode.swift; path = BoardViewProtocol.swift; sourceTree = "<group>"; };
		520C4D8F1DE37DE8007DC21A /* Cache.swift */ = {isa = PBXFileReference; fileEncoding = 4; lastKnownFileType = sourcecode.swift; path = Cache.swift; sourceTree = "<group>"; };
		520C4D901DE37DE8007DC21A /* CapturedPiecesView.swift */ = {isa = PBXFileReference; fileEncoding = 4; lastKnownFileType = sourcecode.swift; path = CapturedPiecesView.swift; sourceTree = "<group>"; };
		520C4D911DE37DE8007DC21A /* CapturedPiecesViewController.swift */ = {isa = PBXFileReference; fileEncoding = 4; lastKnownFileType = sourcecode.swift; path = CapturedPiecesViewController.swift; sourceTree = "<group>"; };
		520C4D921DE37DE8007DC21A /* CoreGraphics+Winchester.swift */ = {isa = PBXFileReference; fileEncoding = 4; lastKnownFileType = sourcecode.swift; path = "CoreGraphics+Winchester.swift"; sourceTree = "<group>"; };
		520C4D931DE37DE8007DC21A /* GameViewControllerType.swift */ = {isa = PBXFileReference; fileEncoding = 4; lastKnownFileType = sourcecode.swift; path = GameViewControllerType.swift; sourceTree = "<group>"; };
		520C4D941DE37DE8007DC21A /* HistoryTraversable.swift */ = {isa = PBXFileReference; fileEncoding = 4; lastKnownFileType = sourcecode.swift; path = HistoryTraversable.swift; sourceTree = "<group>"; };
		520C4D951DE37DE8007DC21A /* HistoryView.swift */ = {isa = PBXFileReference; fileEncoding = 4; lastKnownFileType = sourcecode.swift; path = HistoryView.swift; sourceTree = "<group>"; };
		520C4D971DE37DE8007DC21A /* NodeType.swift */ = {isa = PBXFileReference; fileEncoding = 4; lastKnownFileType = sourcecode.swift; path = NodeType.swift; sourceTree = "<group>"; };
		520C4D981DE37DE8007DC21A /* Piece+Winchester.swift */ = {isa = PBXFileReference; fileEncoding = 4; lastKnownFileType = sourcecode.swift; path = "Piece+Winchester.swift"; sourceTree = "<group>"; };
		520C4D991DE37DE8007DC21A /* PieceNodeCaptureProtocol.swift */ = {isa = PBXFileReference; fileEncoding = 4; lastKnownFileType = sourcecode.swift; path = PieceNodeCaptureProtocol.swift; sourceTree = "<group>"; };
		520C4D9A1DE37DE8007DC21A /* PieceNodeDataSource.swift */ = {isa = PBXFileReference; fileEncoding = 4; lastKnownFileType = sourcecode.swift; path = PieceNodeDataSource.swift; sourceTree = "<group>"; };
		520C4D9B1DE37DE8007DC21A /* Shims.swift */ = {isa = PBXFileReference; fileEncoding = 4; lastKnownFileType = sourcecode.swift; path = Shims.swift; sourceTree = "<group>"; };
		520C4D9C1DE37DE8007DC21A /* Square+Winchester.swift */ = {isa = PBXFileReference; fileEncoding = 4; lastKnownFileType = sourcecode.swift; path = "Square+Winchester.swift"; sourceTree = "<group>"; };
		520C4DB81DE39816007DC21A /* PromotionNode.swift */ = {isa = PBXFileReference; fileEncoding = 4; lastKnownFileType = sourcecode.swift; path = PromotionNode.swift; sourceTree = "<group>"; };
		520C4DD11DE40797007DC21A /* Messages.framework */ = {isa = PBXFileReference; lastKnownFileType = wrapper.framework; name = Messages.framework; path = System/Library/Frameworks/Messages.framework; sourceTree = SDKROOT; };
		520C4DE71DE4080E007DC21A /* Winchester.appex */ = {isa = PBXFileReference; explicitFileType = "wrapper.app-extension"; includeInIndex = 0; path = Winchester.appex; sourceTree = BUILT_PRODUCTS_DIR; };
		520C4DED1DE4080E007DC21A /* Base */ = {isa = PBXFileReference; lastKnownFileType = file.storyboard; name = Base; path = Base.lproj/MainInterface.storyboard; sourceTree = "<group>"; };
		520C4DEF1DE4080E007DC21A /* Assets.xcassets */ = {isa = PBXFileReference; lastKnownFileType = folder.assetcatalog; path = Assets.xcassets; sourceTree = "<group>"; };
		520C4DF11DE4080E007DC21A /* Info.plist */ = {isa = PBXFileReference; lastKnownFileType = text.plist.xml; path = Info.plist; sourceTree = "<group>"; };
		520C4DFA1DE409E6007DC21A /* ChessGameCache.swift */ = {isa = PBXFileReference; fileEncoding = 4; lastKnownFileType = sourcecode.swift; path = ChessGameCache.swift; sourceTree = "<group>"; };
		520C4DFB1DE409E6007DC21A /* ChessGamesViewController.swift */ = {isa = PBXFileReference; fileEncoding = 4; lastKnownFileType = sourcecode.swift; path = ChessGamesViewController.swift; sourceTree = "<group>"; };
		520C4DFD1DE409E6007DC21A /* CreateCell.swift */ = {isa = PBXFileReference; fileEncoding = 4; lastKnownFileType = sourcecode.swift; path = CreateCell.swift; sourceTree = "<group>"; };
		520C4DFE1DE409E6007DC21A /* Endgame+Messages.swift */ = {isa = PBXFileReference; fileEncoding = 4; lastKnownFileType = sourcecode.swift; path = "Endgame+Messages.swift"; sourceTree = "<group>"; };
		520C4DFF1DE409E6007DC21A /* GameCell.swift */ = {isa = PBXFileReference; fileEncoding = 4; lastKnownFileType = sourcecode.swift; path = GameCell.swift; sourceTree = "<group>"; };
		520C4E001DE409E6007DC21A /* GameHistory.swift */ = {isa = PBXFileReference; fileEncoding = 4; lastKnownFileType = sourcecode.swift; path = GameHistory.swift; sourceTree = "<group>"; };
		520C4E011DE409E6007DC21A /* GameImageCache.swift */ = {isa = PBXFileReference; fileEncoding = 4; lastKnownFileType = sourcecode.swift; path = GameImageCache.swift; sourceTree = "<group>"; };
		520C4E021DE409E6007DC21A /* MessagesViewController.swift */ = {isa = PBXFileReference; fileEncoding = 4; lastKnownFileType = sourcecode.swift; path = MessagesViewController.swift; sourceTree = "<group>"; };
		520C4E031DE409E6007DC21A /* Opponent.swift */ = {isa = PBXFileReference; fileEncoding = 4; lastKnownFileType = sourcecode.swift; path = Opponent.swift; sourceTree = "<group>"; };
		5225DCFE1DB544CB00F74330 /* fischer v fine.pgn */ = {isa = PBXFileReference; fileEncoding = 4; lastKnownFileType = text; path = "fischer v fine.pgn"; sourceTree = "<group>"; };
		5225DCFF1DB544CB00F74330 /* reti v rubenstein.pgn */ = {isa = PBXFileReference; fileEncoding = 4; lastKnownFileType = text; path = "reti v rubenstein.pgn"; sourceTree = "<group>"; };
		5225DD001DB544CB00F74330 /* shirov v polgar.pgn */ = {isa = PBXFileReference; fileEncoding = 4; lastKnownFileType = text; path = "shirov v polgar.pgn"; sourceTree = "<group>"; };
		5237A6621D970B7C00BAC16E /* Base */ = {isa = PBXFileReference; lastKnownFileType = file.storyboard; name = Base; path = iOS/Base.lproj/Main.storyboard; sourceTree = SOURCE_ROOT; };
		5240586C1D638483000A925C /* Base */ = {isa = PBXFileReference; lastKnownFileType = file.storyboard; name = Base; path = iOS/Base.lproj/LaunchScreen.storyboard; sourceTree = SOURCE_ROOT; };
		524058711D638497000A925C /* Info.plist */ = {isa = PBXFileReference; fileEncoding = 4; lastKnownFileType = text.plist.xml; name = Info.plist; path = iOS/Info.plist; sourceTree = SOURCE_ROOT; };
		524058A41D63F353000A925C /* WinchesterTests.xctest */ = {isa = PBXFileReference; explicitFileType = wrapper.cfbundle; includeInIndex = 0; path = WinchesterTests.xctest; sourceTree = BUILT_PRODUCTS_DIR; };
		524058CD1D63FA92000A925C /* Info.plist */ = {isa = PBXFileReference; fileEncoding = 4; lastKnownFileType = text.plist.xml; path = Info.plist; sourceTree = "<group>"; };
		524A14DD1DC6CA7B003BC9AC /* Endgame.framework */ = {isa = PBXFileReference; explicitFileType = wrapper.framework; path = Endgame.framework; sourceTree = BUILT_PRODUCTS_DIR; };
		52647CBC1DC1849200E617A4 /* Endgame.framework */ = {isa = PBXFileReference; lastKnownFileType = wrapper.framework; name = Endgame.framework; path = "../../../Library/Developer/Xcode/DerivedData/Chess-bgemltbgjmhdicfowhuwvomtfnpb/Build/Products/Debug/Endgame.framework"; sourceTree = "<group>"; };
		52647CC01DC184DD00E617A4 /* Endgame.framework */ = {isa = PBXFileReference; lastKnownFileType = wrapper.framework; name = Endgame.framework; path = "../../../Library/Developer/Xcode/DerivedData/Chess-bgemltbgjmhdicfowhuwvomtfnpb/Build/Products/Debug-appletvsimulator/Endgame.framework"; sourceTree = "<group>"; };
		526751271DE60D64006B11C1 /* Game.storyboard */ = {isa = PBXFileReference; fileEncoding = 4; lastKnownFileType = file.storyboard; path = Game.storyboard; sourceTree = "<group>"; };
		526B73B71DC8DAE600D1AE0F /* Winchester.playground */ = {isa = PBXFileReference; lastKnownFileType = file.playground; name = Winchester.playground; path = ../Winchester.playground; sourceTree = "<group>"; };
		5282880E1D6113310014B105 /* WinchesterTests.swift */ = {isa = PBXFileReference; fileEncoding = 4; lastKnownFileType = sourcecode.swift; path = WinchesterTests.swift; sourceTree = "<group>"; };
		528E211E1DC17E9800C45E17 /* AppCoordinator.swift */ = {isa = PBXFileReference; fileEncoding = 4; lastKnownFileType = sourcecode.swift; name = AppCoordinator.swift; path = iOS/AppCoordinator.swift; sourceTree = SOURCE_ROOT; };
		528E211F1DC17E9800C45E17 /* AppDelegate.swift */ = {isa = PBXFileReference; fileEncoding = 4; lastKnownFileType = sourcecode.swift; name = AppDelegate.swift; path = iOS/AppDelegate.swift; sourceTree = SOURCE_ROOT; };
		528E21211DC17E9800C45E17 /* Game+Endgame.swift */ = {isa = PBXFileReference; fileEncoding = 4; lastKnownFileType = sourcecode.swift; name = "Game+Endgame.swift"; path = "iOS/Game+Endgame.swift"; sourceTree = SOURCE_ROOT; };
		528E21281DC17E9800C45E17 /* RootCollectionViewController.swift */ = {isa = PBXFileReference; fileEncoding = 4; lastKnownFileType = sourcecode.swift; name = RootCollectionViewController.swift; path = iOS/RootCollectionViewController.swift; sourceTree = SOURCE_ROOT; };
		528E21291DC17E9800C45E17 /* ShowGameCell.swift */ = {isa = PBXFileReference; fileEncoding = 4; lastKnownFileType = sourcecode.swift; name = ShowGameCell.swift; path = iOS/ShowGameCell.swift; sourceTree = SOURCE_ROOT; };
		52BA80081DAD244F00E15277 /* fischer v fine.pgn */ = {isa = PBXFileReference; fileEncoding = 4; lastKnownFileType = text; name = "fischer v fine.pgn"; path = "../../Test Games/fischer v fine.pgn"; sourceTree = "<group>"; };
		52BA80091DAD244F00E15277 /* reti v rubenstein.pgn */ = {isa = PBXFileReference; fileEncoding = 4; lastKnownFileType = text; name = "reti v rubenstein.pgn"; path = "../../Test Games/reti v rubenstein.pgn"; sourceTree = "<group>"; };
		52BA800A1DAD244F00E15277 /* shirov v polgar.pgn */ = {isa = PBXFileReference; fileEncoding = 4; lastKnownFileType = text; name = "shirov v polgar.pgn"; path = "../../Test Games/shirov v polgar.pgn"; sourceTree = "<group>"; };
		52BAE0921D5FD555006E2652 /* Winchester.app */ = {isa = PBXFileReference; explicitFileType = wrapper.application; includeInIndex = 0; path = Winchester.app; sourceTree = BUILT_PRODUCTS_DIR; };
		52BCD09E1DC198B7005D1CC2 /* fischer v thomason.pgn */ = {isa = PBXFileReference; fileEncoding = 4; lastKnownFileType = text; path = "fischer v thomason.pgn"; sourceTree = "<group>"; };
		52BCD09F1DC198B7005D1CC2 /* fischer v warner.pgn */ = {isa = PBXFileReference; fileEncoding = 4; lastKnownFileType = text; path = "fischer v warner.pgn"; sourceTree = "<group>"; };
		52C0C08E1DE8A1C200F60B17 /* UIKit+Winchester.swift */ = {isa = PBXFileReference; fileEncoding = 4; lastKnownFileType = sourcecode.swift; path = "UIKit+Winchester.swift"; sourceTree = "<group>"; };
		52E325001DC282CF001FE392 /* SettingsViewController.swift */ = {isa = PBXFileReference; fileEncoding = 4; lastKnownFileType = sourcecode.swift; name = SettingsViewController.swift; path = iOS/SettingsViewController.swift; sourceTree = SOURCE_ROOT; };
		52FDDBD31DE5DBD2008E9621 /* BoardViewType.swift */ = {isa = PBXFileReference; fileEncoding = 4; lastKnownFileType = sourcecode.swift; path = BoardViewType.swift; sourceTree = "<group>"; };
		52FDDBD51DE5DCA8008E9621 /* PromotionNodeProtocol.swift */ = {isa = PBXFileReference; fileEncoding = 4; lastKnownFileType = sourcecode.swift; path = PromotionNodeProtocol.swift; sourceTree = "<group>"; };
		52FDDBD71DE5DF3D008E9621 /* BoardView+BoardViewProtocol.swift */ = {isa = PBXFileReference; fileEncoding = 4; lastKnownFileType = sourcecode.swift; path = "BoardView+BoardViewProtocol.swift"; sourceTree = "<group>"; };
		52FDDBD91DE5E03A008E9621 /* BoardView+Interaction.swift */ = {isa = PBXFileReference; fileEncoding = 4; lastKnownFileType = sourcecode.swift; path = "BoardView+Interaction.swift"; sourceTree = "<group>"; };
		52FDDBDB1DE5E074008E9621 /* BoardView+Promotion.swift */ = {isa = PBXFileReference; fileEncoding = 4; lastKnownFileType = sourcecode.swift; path = "BoardView+Promotion.swift"; sourceTree = "<group>"; };
		52FDDBDE1DE5E1DA008E9621 /* GameViewControllerType+GameDelegate.swift */ = {isa = PBXFileReference; fileEncoding = 4; lastKnownFileType = sourcecode.swift; path = "GameViewControllerType+GameDelegate.swift"; sourceTree = "<group>"; };
		52FDDBE11DE5E27D008E9621 /* GameViewController+BoardViewDelegateType.swift */ = {isa = PBXFileReference; fileEncoding = 4; lastKnownFileType = sourcecode.swift; path = "GameViewController+BoardViewDelegateType.swift"; sourceTree = "<group>"; };
		52FDDBE31DE5E2EF008E9621 /* HistoryViewDelegate.swift */ = {isa = PBXFileReference; fileEncoding = 4; lastKnownFileType = sourcecode.swift; path = HistoryViewDelegate.swift; sourceTree = "<group>"; };
		52FDDBE51DE5E319008E9621 /* HistoryViewDataSource.swift */ = {isa = PBXFileReference; fileEncoding = 4; lastKnownFileType = sourcecode.swift; path = HistoryViewDataSource.swift; sourceTree = "<group>"; };
		52FDDBE81DE5E391008E9621 /* HistoryViewControllerType.swift */ = {isa = PBXFileReference; fileEncoding = 4; lastKnownFileType = sourcecode.swift; path = HistoryViewControllerType.swift; sourceTree = "<group>"; };
		52FDDBEA1DE5E406008E9621 /* BoardViewControllerType.swift */ = {isa = PBXFileReference; fileEncoding = 4; lastKnownFileType = sourcecode.swift; path = BoardViewControllerType.swift; sourceTree = "<group>"; };
		52FDDBEE1DE5E828008E9621 /* PieceCapturingViewDelegate.swift */ = {isa = PBXFileReference; fileEncoding = 4; lastKnownFileType = sourcecode.swift; path = PieceCapturingViewDelegate.swift; sourceTree = "<group>"; };
		52FDDBF11DE5EF50008E9621 /* Chessboard.xcassets */ = {isa = PBXFileReference; lastKnownFileType = folder.assetcatalog; path = Chessboard.xcassets; sourceTree = "<group>"; };
		52FDDBFA1DE602E6008E9621 /* Shared_iOS.framework */ = {isa = PBXFileReference; explicitFileType = wrapper.framework; includeInIndex = 0; path = Shared_iOS.framework; sourceTree = BUILT_PRODUCTS_DIR; };
		52FDDBFC1DE602E6008E9621 /* Shared+iOS.h */ = {isa = PBXFileReference; lastKnownFileType = sourcecode.c.h; path = "Shared+iOS.h"; sourceTree = "<group>"; };
		52FDDBFD1DE602E6008E9621 /* Info.plist */ = {isa = PBXFileReference; lastKnownFileType = text.plist.xml; path = Info.plist; sourceTree = "<group>"; };
		52FDDC0A1DE6042C008E9621 /* GameViewController.swift */ = {isa = PBXFileReference; fileEncoding = 4; lastKnownFileType = sourcecode.swift; path = GameViewController.swift; sourceTree = "<group>"; };
		52FDDC101DE606C7008E9621 /* BoardViewController.swift */ = {isa = PBXFileReference; fileEncoding = 4; lastKnownFileType = sourcecode.swift; path = BoardViewController.swift; sourceTree = "<group>"; };
		52FDDC111DE606C7008E9621 /* HistoryViewController.swift */ = {isa = PBXFileReference; fileEncoding = 4; lastKnownFileType = sourcecode.swift; path = HistoryViewController.swift; sourceTree = "<group>"; };
		52FDDC121DE606C7008E9621 /* TitleViewController.swift */ = {isa = PBXFileReference; fileEncoding = 4; lastKnownFileType = sourcecode.swift; path = TitleViewController.swift; sourceTree = "<group>"; };
		52FDDC181DE6083D008E9621 /* GameCoordinator.swift */ = {isa = PBXFileReference; fileEncoding = 4; lastKnownFileType = sourcecode.swift; path = GameCoordinator.swift; sourceTree = "<group>"; };
/* End PBXFileReference section */

/* Begin PBXFrameworksBuildPhase section */
		520C4D771DE37DB3007DC21A /* Frameworks */ = {
			isa = PBXFrameworksBuildPhase;
			buildActionMask = 2147483647;
			files = (
				520C4DB31DE37E5A007DC21A /* Endgame.framework in Frameworks */,
			);
			runOnlyForDeploymentPostprocessing = 0;
		};
		520C4DE41DE4080E007DC21A /* Frameworks */ = {
			isa = PBXFrameworksBuildPhase;
			buildActionMask = 2147483647;
			files = (
				526751291DE61442006B11C1 /* Shared_iOS.framework in Frameworks */,
				520C4DF91DE4082B007DC21A /* Endgame.framework in Frameworks */,
				520C4DF81DE40825007DC21A /* Shared.framework in Frameworks */,
				520C4DE81DE4080E007DC21A /* Messages.framework in Frameworks */,
			);
			runOnlyForDeploymentPostprocessing = 0;
		};
		524058A11D63F353000A925C /* Frameworks */ = {
			isa = PBXFrameworksBuildPhase;
			buildActionMask = 2147483647;
			files = (
			);
			runOnlyForDeploymentPostprocessing = 0;
		};
		52BAE08F1D5FD555006E2652 /* Frameworks */ = {
			isa = PBXFrameworksBuildPhase;
			buildActionMask = 2147483647;
			files = (
				520C4DC01DE40644007DC21A /* Endgame.framework in Frameworks */,
				520C4D821DE37DB3007DC21A /* Shared.framework in Frameworks */,
				52FDDC0C1DE604AB008E9621 /* Shared_iOS.framework in Frameworks */,
			);
			runOnlyForDeploymentPostprocessing = 0;
		};
		52FDDBF61DE602E6008E9621 /* Frameworks */ = {
			isa = PBXFrameworksBuildPhase;
			buildActionMask = 2147483647;
			files = (
				52FDDC021DE602F5008E9621 /* Shared.framework in Frameworks */,
			);
			runOnlyForDeploymentPostprocessing = 0;
		};
/* End PBXFrameworksBuildPhase section */

/* Begin PBXGroup section */
		520C4D7C1DE37DB3007DC21A /* Shared */ = {
			isa = PBXGroup;
			children = (
				520C4D871DE37DE8007DC21A /* AppDataSource.swift */,
				52FDDBD21DE5D7E1008E9621 /* BoardView */,
				52FDDBDD1DE5E14C008E9621 /* Sprites */,
				52FDDBE01DE5E1E6008E9621 /* GameViewController */,
				52FDDBEC1DE5E41A008E9621 /* BoardViewController */,
				52FDDBE71DE5E37B008E9621 /* HistoryViewController */,
				52FDDBED1DE5E7F1008E9621 /* Capturing */,
				52FDDBF01DE5EA1A008E9621 /* Promotion */,
				520C4D8F1DE37DE8007DC21A /* Cache.swift */,
				520C4D9B1DE37DE8007DC21A /* Shims.swift */,
				520C4D7D1DE37DB3007DC21A /* Shared.h */,
				520C4D7E1DE37DB3007DC21A /* Info.plist */,
				52FDDBF11DE5EF50008E9621 /* Chessboard.xcassets */,
			);
			path = Shared;
			sourceTree = "<group>";
		};
		520C4DE91DE4080E007DC21A /* Message */ = {
			isa = PBXGroup;
			children = (
				520C4E021DE409E6007DC21A /* MessagesViewController.swift */,
				520C4DFB1DE409E6007DC21A /* ChessGamesViewController.swift */,
				520C4DFA1DE409E6007DC21A /* ChessGameCache.swift */,
				520C4DFD1DE409E6007DC21A /* CreateCell.swift */,
				520C4DFE1DE409E6007DC21A /* Endgame+Messages.swift */,
				520C4DFF1DE409E6007DC21A /* GameCell.swift */,
				520C4E001DE409E6007DC21A /* GameHistory.swift */,
				520C4E011DE409E6007DC21A /* GameImageCache.swift */,
				520C4E031DE409E6007DC21A /* Opponent.swift */,
				520C4DEC1DE4080E007DC21A /* MainInterface.storyboard */,
				520C4DEF1DE4080E007DC21A /* Assets.xcassets */,
				520C4DF11DE4080E007DC21A /* Info.plist */,
			);
			path = Message;
			sourceTree = "<group>";
		};
		5225DCFD1DB544CB00F74330 /* Test Games */ = {
			isa = PBXGroup;
			children = (
				5225DCFE1DB544CB00F74330 /* fischer v fine.pgn */,
				5225DCFF1DB544CB00F74330 /* reti v rubenstein.pgn */,
				5225DD001DB544CB00F74330 /* shirov v polgar.pgn */,
				52BCD09E1DC198B7005D1CC2 /* fischer v thomason.pgn */,
				52BCD09F1DC198B7005D1CC2 /* fischer v warner.pgn */,
			);
			name = "Test Games";
			path = "../Test Games";
			sourceTree = "<group>";
		};
		528287F61D6103720014B105 /* iOS */ = {
			isa = PBXGroup;
			children = (
				528E211F1DC17E9800C45E17 /* AppDelegate.swift */,
				528E211E1DC17E9800C45E17 /* AppCoordinator.swift */,
				528E21281DC17E9800C45E17 /* RootCollectionViewController.swift */,
				528E21211DC17E9800C45E17 /* Game+Endgame.swift */,
				52E325001DC282CF001FE392 /* SettingsViewController.swift */,
				528E21291DC17E9800C45E17 /* ShowGameCell.swift */,
				5240586B1D638483000A925C /* LaunchScreen.storyboard */,
				5237A6611D970B7C00BAC16E /* Main.storyboard */,
				524058711D638497000A925C /* Info.plist */,
			);
			name = iOS;
			path = Support;
			sourceTree = "<group>";
		};
		528287FD1D6103720014B105 /* Tests */ = {
			isa = PBXGroup;
			children = (
				52BA80081DAD244F00E15277 /* fischer v fine.pgn */,
				52BA80091DAD244F00E15277 /* reti v rubenstein.pgn */,
				52BA800A1DAD244F00E15277 /* shirov v polgar.pgn */,
				5282880E1D6113310014B105 /* WinchesterTests.swift */,
				524058CD1D63FA92000A925C /* Info.plist */,
			);
			path = Tests;
			sourceTree = "<group>";
		};
		5282881F1D6117270014B105 /* Frameworks */ = {
			isa = PBXGroup;
			children = (
				520C4D691DE37521007DC21A /* Endgame.framework */,
				520C4D671DE3749B007DC21A /* Endgame.framework */,
				520C4D651DE37480007DC21A /* Endgame.framework */,
				524A14DD1DC6CA7B003BC9AC /* Endgame.framework */,
				52647CC01DC184DD00E617A4 /* Endgame.framework */,
				52647CBC1DC1849200E617A4 /* Endgame.framework */,
				520C4DD11DE40797007DC21A /* Messages.framework */,
			);
			name = Frameworks;
			sourceTree = "<group>";
		};
		52BAE0891D5FD555006E2652 = {
			isa = PBXGroup;
			children = (
				526B73B71DC8DAE600D1AE0F /* Winchester.playground */,
				520C4D891DE37DE8007DC21A /* Assets.xcassets */,
				528287F61D6103720014B105 /* iOS */,
				5225DCFD1DB544CB00F74330 /* Test Games */,
				528287FD1D6103720014B105 /* Tests */,
				520C4D7C1DE37DB3007DC21A /* Shared */,
				52FDDBFB1DE602E6008E9621 /* Shared+iOS */,
				520C4DE91DE4080E007DC21A /* Message */,
				52BAE0931D5FD555006E2652 /* Products */,
				5282881F1D6117270014B105 /* Frameworks */,
			);
			sourceTree = "<group>";
		};
		52BAE0931D5FD555006E2652 /* Products */ = {
			isa = PBXGroup;
			children = (
				52BAE0921D5FD555006E2652 /* Winchester.app */,
				524058A41D63F353000A925C /* WinchesterTests.xctest */,
				520C4D7B1DE37DB3007DC21A /* Shared.framework */,
				520C4DE71DE4080E007DC21A /* Winchester.appex */,
				52FDDBFA1DE602E6008E9621 /* Shared_iOS.framework */,
			);
			name = Products;
			sourceTree = "<group>";
		};
		52FDDBD21DE5D7E1008E9621 /* BoardView */ = {
			isa = PBXGroup;
			children = (
				52FDDBD31DE5DBD2008E9621 /* BoardViewType.swift */,
				520C4D8B1DE37DE8007DC21A /* BoardView.swift */,
				520C4D8E1DE37DE8007DC21A /* BoardViewProtocol.swift */,
				52FDDBD71DE5DF3D008E9621 /* BoardView+BoardViewProtocol.swift */,
				52FDDBD91DE5E03A008E9621 /* BoardView+Interaction.swift */,
				520C4D9A1DE37DE8007DC21A /* PieceNodeDataSource.swift */,
				520C4D991DE37DE8007DC21A /* PieceNodeCaptureProtocol.swift */,
				520C4D941DE37DE8007DC21A /* HistoryTraversable.swift */,
				52FDDBDB1DE5E074008E9621 /* BoardView+Promotion.swift */,
			);
			name = BoardView;
			sourceTree = "<group>";
		};
		52FDDBDD1DE5E14C008E9621 /* Sprites */ = {
			isa = PBXGroup;
			children = (
				520C4D921DE37DE8007DC21A /* CoreGraphics+Winchester.swift */,
				520C4D971DE37DE8007DC21A /* NodeType.swift */,
				520C4D881DE37DE8007DC21A /* Arrow.swift */,
				520C4D981DE37DE8007DC21A /* Piece+Winchester.swift */,
				520C4D9C1DE37DE8007DC21A /* Square+Winchester.swift */,
			);
			name = Sprites;
			sourceTree = "<group>";
		};
		52FDDBE01DE5E1E6008E9621 /* GameViewController */ = {
			isa = PBXGroup;
			children = (
				520C4D931DE37DE8007DC21A /* GameViewControllerType.swift */,
				52FDDBDE1DE5E1DA008E9621 /* GameViewControllerType+GameDelegate.swift */,
				520C4D8D1DE37DE8007DC21A /* BoardViewDelegateType.swift */,
				52FDDBE11DE5E27D008E9621 /* GameViewController+BoardViewDelegateType.swift */,
				52FDDBE31DE5E2EF008E9621 /* HistoryViewDelegate.swift */,
				52FDDBE51DE5E319008E9621 /* HistoryViewDataSource.swift */,
			);
			name = GameViewController;
			sourceTree = "<group>";
		};
		52FDDBE71DE5E37B008E9621 /* HistoryViewController */ = {
			isa = PBXGroup;
			children = (
				520C4D951DE37DE8007DC21A /* HistoryView.swift */,
				52FDDBE81DE5E391008E9621 /* HistoryViewControllerType.swift */,
			);
			name = HistoryViewController;
			sourceTree = "<group>";
		};
		52FDDBEC1DE5E41A008E9621 /* BoardViewController */ = {
			isa = PBXGroup;
			children = (
				52FDDBEA1DE5E406008E9621 /* BoardViewControllerType.swift */,
				520C4D8A1DE37DE8007DC21A /* BoardInteractionProtocol.swift */,
				520C4D8C1DE37DE8007DC21A /* BoardViewDelegate.swift */,
			);
			name = BoardViewController;
			sourceTree = "<group>";
		};
		52FDDBED1DE5E7F1008E9621 /* Capturing */ = {
			isa = PBXGroup;
			children = (
				520C4D901DE37DE8007DC21A /* CapturedPiecesView.swift */,
				520C4D911DE37DE8007DC21A /* CapturedPiecesViewController.swift */,
				52FDDBEE1DE5E828008E9621 /* PieceCapturingViewDelegate.swift */,
			);
			name = Capturing;
			sourceTree = "<group>";
		};
		52FDDBF01DE5EA1A008E9621 /* Promotion */ = {
			isa = PBXGroup;
			children = (
				52FDDBD51DE5DCA8008E9621 /* PromotionNodeProtocol.swift */,
				520C4DB81DE39816007DC21A /* PromotionNode.swift */,
			);
			name = Promotion;
			sourceTree = "<group>";
		};
		52FDDBFB1DE602E6008E9621 /* Shared+iOS */ = {
			isa = PBXGroup;
			children = (
				52FDDC181DE6083D008E9621 /* GameCoordinator.swift */,
				52FDDC0A1DE6042C008E9621 /* GameViewController.swift */,
				52FDDC101DE606C7008E9621 /* BoardViewController.swift */,
				52FDDC111DE606C7008E9621 /* HistoryViewController.swift */,
				52FDDC121DE606C7008E9621 /* TitleViewController.swift */,
				52C0C08E1DE8A1C200F60B17 /* UIKit+Winchester.swift */,
				526751271DE60D64006B11C1 /* Game.storyboard */,
				52FDDBFC1DE602E6008E9621 /* Shared+iOS.h */,
				52FDDBFD1DE602E6008E9621 /* Info.plist */,
			);
			path = "Shared+iOS";
			sourceTree = "<group>";
		};
/* End PBXGroup section */

/* Begin PBXHeadersBuildPhase section */
		520C4D781DE37DB3007DC21A /* Headers */ = {
			isa = PBXHeadersBuildPhase;
			buildActionMask = 2147483647;
			files = (
				520C4D7F1DE37DB3007DC21A /* Shared.h in Headers */,
			);
			runOnlyForDeploymentPostprocessing = 0;
		};
		52FDDBF71DE602E6008E9621 /* Headers */ = {
			isa = PBXHeadersBuildPhase;
			buildActionMask = 2147483647;
			files = (
				52FDDBFE1DE602E6008E9621 /* Shared+iOS.h in Headers */,
			);
			runOnlyForDeploymentPostprocessing = 0;
		};
/* End PBXHeadersBuildPhase section */

/* Begin PBXNativeTarget section */
		520C4D7A1DE37DB3007DC21A /* Shared */ = {
			isa = PBXNativeTarget;
			buildConfigurationList = 520C4D841DE37DB3007DC21A /* Build configuration list for PBXNativeTarget "Shared" */;
			buildPhases = (
				520C4D761DE37DB3007DC21A /* Sources */,
				520C4D771DE37DB3007DC21A /* Frameworks */,
				520C4D781DE37DB3007DC21A /* Headers */,
				520C4D791DE37DB3007DC21A /* Resources */,
			);
			buildRules = (
			);
			dependencies = (
			);
			name = Shared;
			productName = Shared;
			productReference = 520C4D7B1DE37DB3007DC21A /* Shared.framework */;
			productType = "com.apple.product-type.framework";
		};
		520C4DE61DE4080E007DC21A /* Message */ = {
			isa = PBXNativeTarget;
			buildConfigurationList = 520C4DF51DE4080E007DC21A /* Build configuration list for PBXNativeTarget "Message" */;
			buildPhases = (
				520C4DE31DE4080E007DC21A /* Sources */,
				520C4DE41DE4080E007DC21A /* Frameworks */,
				520C4DE51DE4080E007DC21A /* Resources */,
			);
			buildRules = (
			);
			dependencies = (
				5267512B1DE61460006B11C1 /* PBXTargetDependency */,
			);
			name = Message;
			productName = Message;
			productReference = 520C4DE71DE4080E007DC21A /* Winchester.appex */;
			productType = "com.apple.product-type.app-extension.messages";
		};
		524058A31D63F353000A925C /* WinchesterTests */ = {
			isa = PBXNativeTarget;
			buildConfigurationList = 524058AB1D63F353000A925C /* Build configuration list for PBXNativeTarget "WinchesterTests" */;
			buildPhases = (
				524058A01D63F353000A925C /* Sources */,
				524058A11D63F353000A925C /* Frameworks */,
				524058A21D63F353000A925C /* Resources */,
			);
			buildRules = (
			);
			dependencies = (
				524058AA1D63F353000A925C /* PBXTargetDependency */,
			);
			name = WinchesterTests;
			productName = "EndgameTests iOS";
			productReference = 524058A41D63F353000A925C /* WinchesterTests.xctest */;
			productType = "com.apple.product-type.bundle.unit-test";
		};
		52BAE0911D5FD555006E2652 /* Winchester iOS */ = {
			isa = PBXNativeTarget;
			buildConfigurationList = 52BAE0A41D5FD555006E2652 /* Build configuration list for PBXNativeTarget "Winchester iOS" */;
			buildPhases = (
				52BAE08E1D5FD555006E2652 /* Sources */,
				52BAE08F1D5FD555006E2652 /* Frameworks */,
				52BAE0901D5FD555006E2652 /* Resources */,
				521D1F6A1D8B0EE400A0A0E6 /* Embed App Extensions */,
				520C4D731DE37686007DC21A /* Embed Frameworks */,
			);
			buildRules = (
			);
			dependencies = (
				520C4D811DE37DB3007DC21A /* PBXTargetDependency */,
				520C4DF31DE4080E007DC21A /* PBXTargetDependency */,
				52FDDC0F1DE604AB008E9621 /* PBXTargetDependency */,
			);
			name = "Winchester iOS";
			productName = Endgame;
			productReference = 52BAE0921D5FD555006E2652 /* Winchester.app */;
			productType = "com.apple.product-type.application";
		};
		52FDDBF91DE602E6008E9621 /* Shared+iOS */ = {
			isa = PBXNativeTarget;
			buildConfigurationList = 52FDDBFF1DE602E6008E9621 /* Build configuration list for PBXNativeTarget "Shared+iOS" */;
			buildPhases = (
				52FDDBF51DE602E6008E9621 /* Sources */,
				52FDDBF61DE602E6008E9621 /* Frameworks */,
				52FDDBF71DE602E6008E9621 /* Headers */,
				52FDDBF81DE602E6008E9621 /* Resources */,
			);
			buildRules = (
			);
			dependencies = (
				52FDDC041DE602FD008E9621 /* PBXTargetDependency */,
			);
			name = "Shared+iOS";
			productName = "Shared+iOS";
			productReference = 52FDDBFA1DE602E6008E9621 /* Shared_iOS.framework */;
			productType = "com.apple.product-type.framework";
		};
/* End PBXNativeTarget section */

/* Begin PBXProject section */
		52BAE08A1D5FD555006E2652 /* Project object */ = {
			isa = PBXProject;
			attributes = {
				LastSwiftUpdateCheck = 0810;
				LastUpgradeCheck = 0810;
				ORGANIZATIONNAME = "Todd Olsen";
				TargetAttributes = {
					520C4D7A1DE37DB3007DC21A = {
						CreatedOnToolsVersion = 8.1;
						DevelopmentTeam = 55SVD8WGE3;
						LastSwiftMigration = 0810;
						ProvisioningStyle = Automatic;
					};
					520C4DE61DE4080E007DC21A = {
						CreatedOnToolsVersion = 8.1;
						DevelopmentTeam = 55SVD8WGE3;
						LastSwiftMigration = 0810;
						ProvisioningStyle = Automatic;
					};
					524058A31D63F353000A925C = {
						CreatedOnToolsVersion = 8.0;
						DevelopmentTeam = 55SVD8WGE3;
						ProvisioningStyle = Automatic;
						TestTargetID = 52BAE0911D5FD555006E2652;
					};
					52BAE0911D5FD555006E2652 = {
						CreatedOnToolsVersion = 8.0;
						DevelopmentTeam = 55SVD8WGE3;
						ProvisioningStyle = Automatic;
					};
					52FDDBF91DE602E6008E9621 = {
						CreatedOnToolsVersion = 8.1;
						DevelopmentTeam = 55SVD8WGE3;
						LastSwiftMigration = 0810;
						ProvisioningStyle = Automatic;
					};
				};
			};
			buildConfigurationList = 52BAE08D1D5FD555006E2652 /* Build configuration list for PBXProject "Winchester" */;
			compatibilityVersion = "Xcode 3.2";
			developmentRegion = English;
			hasScannedForEncodings = 0;
			knownRegions = (
				en,
				Base,
			);
			mainGroup = 52BAE0891D5FD555006E2652;
			productRefGroup = 52BAE0931D5FD555006E2652 /* Products */;
			projectDirPath = "";
			projectRoot = "";
			targets = (
				52BAE0911D5FD555006E2652 /* Winchester iOS */,
				524058A31D63F353000A925C /* WinchesterTests */,
				520C4DE61DE4080E007DC21A /* Message */,
				520C4D7A1DE37DB3007DC21A /* Shared */,
				52FDDBF91DE602E6008E9621 /* Shared+iOS */,
			);
		};
/* End PBXProject section */

/* Begin PBXResourcesBuildPhase section */
		520C4D791DE37DB3007DC21A /* Resources */ = {
			isa = PBXResourcesBuildPhase;
			buildActionMask = 2147483647;
			files = (
				520C4D9F1DE37DE8007DC21A /* Assets.xcassets in Resources */,
				52FDDBF21DE5EF50008E9621 /* Chessboard.xcassets in Resources */,
			);
			runOnlyForDeploymentPostprocessing = 0;
		};
		520C4DE51DE4080E007DC21A /* Resources */ = {
			isa = PBXResourcesBuildPhase;
			buildActionMask = 2147483647;
			files = (
				520C4DF01DE4080E007DC21A /* Assets.xcassets in Resources */,
				52FDDBF41DE5EFEE008E9621 /* Chessboard.xcassets in Resources */,
				520C4E0E1DE41243007DC21A /* Assets.xcassets in Resources */,
				520C4DEE1DE4080E007DC21A /* MainInterface.storyboard in Resources */,
			);
			runOnlyForDeploymentPostprocessing = 0;
		};
		524058A21D63F353000A925C /* Resources */ = {
			isa = PBXResourcesBuildPhase;
			buildActionMask = 2147483647;
			files = (
				52BA80111DAD244F00E15277 /* shirov v polgar.pgn in Resources */,
				52BA800E1DAD244F00E15277 /* reti v rubenstein.pgn in Resources */,
				52BA800B1DAD244F00E15277 /* fischer v fine.pgn in Resources */,
			);
			runOnlyForDeploymentPostprocessing = 0;
		};
		52BAE0901D5FD555006E2652 /* Resources */ = {
			isa = PBXResourcesBuildPhase;
			buildActionMask = 2147483647;
			files = (
				52BCD0A01DC198B7005D1CC2 /* fischer v thomason.pgn in Resources */,
				5237A6631D970B7C00BAC16E /* Main.storyboard in Resources */,
				5225DD011DB544CB00F74330 /* fischer v fine.pgn in Resources */,
				52BCD0A31DC198B7005D1CC2 /* fischer v warner.pgn in Resources */,
				5240586F1D638483000A925C /* LaunchScreen.storyboard in Resources */,
				5225DD071DB544CB00F74330 /* shirov v polgar.pgn in Resources */,
				520C4DBD1DE40215007DC21A /* Assets.xcassets in Resources */,
				5225DD041DB544CB00F74330 /* reti v rubenstein.pgn in Resources */,
				52FDDBF31DE5EFED008E9621 /* Chessboard.xcassets in Resources */,
			);
			runOnlyForDeploymentPostprocessing = 0;
		};
		52FDDBF81DE602E6008E9621 /* Resources */ = {
			isa = PBXResourcesBuildPhase;
			buildActionMask = 2147483647;
			files = (
				526751281DE60D64006B11C1 /* Game.storyboard in Resources */,
			);
			runOnlyForDeploymentPostprocessing = 0;
		};
/* End PBXResourcesBuildPhase section */

/* Begin PBXSourcesBuildPhase section */
		520C4D761DE37DB3007DC21A /* Sources */ = {
			isa = PBXSourcesBuildPhase;
			buildActionMask = 2147483647;
			files = (
				520C4DAD1DE37DE8007DC21A /* NodeType.swift in Sources */,
				52FDDBEB1DE5E406008E9621 /* BoardViewControllerType.swift in Sources */,
				52FDDBD41DE5DBD2008E9621 /* BoardViewType.swift in Sources */,
				520C4DA41DE37DE8007DC21A /* BoardViewProtocol.swift in Sources */,
				52FDDBE91DE5E391008E9621 /* HistoryViewControllerType.swift in Sources */,
				520C4DA91DE37DE8007DC21A /* GameViewControllerType.swift in Sources */,
				520C4DAE1DE37DE8007DC21A /* Piece+Winchester.swift in Sources */,
				520C4DB01DE37DE8007DC21A /* PieceNodeDataSource.swift in Sources */,
				520C4DA21DE37DE8007DC21A /* BoardViewDelegate.swift in Sources */,
				520C4DA51DE37DE8007DC21A /* Cache.swift in Sources */,
				520C4D9D1DE37DE8007DC21A /* AppDataSource.swift in Sources */,
				52FDDBDC1DE5E074008E9621 /* BoardView+Promotion.swift in Sources */,
				520C4DB21DE37DE8007DC21A /* Square+Winchester.swift in Sources */,
				520C4DA11DE37DE8007DC21A /* BoardView.swift in Sources */,
				520C4DBC1DE3AAA0007DC21A /* CoreGraphics+Winchester.swift in Sources */,
				52FDDBE21DE5E27D008E9621 /* GameViewController+BoardViewDelegateType.swift in Sources */,
				520C4DAB1DE37DE8007DC21A /* HistoryView.swift in Sources */,
				52FDDBDF1DE5E1DA008E9621 /* GameViewControllerType+GameDelegate.swift in Sources */,
				520C4DA01DE37DE8007DC21A /* BoardInteractionProtocol.swift in Sources */,
				520C4DAA1DE37DE8007DC21A /* HistoryTraversable.swift in Sources */,
				52FDDBD61DE5DCA8008E9621 /* PromotionNodeProtocol.swift in Sources */,
				520C4DB91DE39816007DC21A /* PromotionNode.swift in Sources */,
				520C4DAF1DE37DE8007DC21A /* PieceNodeCaptureProtocol.swift in Sources */,
				520C4DA31DE37DE8007DC21A /* BoardViewDelegateType.swift in Sources */,
				52FDDBE41DE5E2EF008E9621 /* HistoryViewDelegate.swift in Sources */,
				520C4DA61DE37DE8007DC21A /* CapturedPiecesView.swift in Sources */,
				520C4D9E1DE37DE8007DC21A /* Arrow.swift in Sources */,
				52FDDBEF1DE5E828008E9621 /* PieceCapturingViewDelegate.swift in Sources */,
				52FDDBD81DE5DF3D008E9621 /* BoardView+BoardViewProtocol.swift in Sources */,
				520C4DB11DE37DE8007DC21A /* Shims.swift in Sources */,
				520C4DA71DE37DE8007DC21A /* CapturedPiecesViewController.swift in Sources */,
				52FDDBE61DE5E319008E9621 /* HistoryViewDataSource.swift in Sources */,
				52FDDBDA1DE5E03A008E9621 /* BoardView+Interaction.swift in Sources */,
			);
			runOnlyForDeploymentPostprocessing = 0;
		};
		520C4DE31DE4080E007DC21A /* Sources */ = {
			isa = PBXSourcesBuildPhase;
			buildActionMask = 2147483647;
			files = (
				520C4E0B1DE409E6007DC21A /* GameImageCache.swift in Sources */,
				520C4E041DE409E6007DC21A /* ChessGameCache.swift in Sources */,
				520C4E0D1DE409E6007DC21A /* Opponent.swift in Sources */,
				520C4E051DE409E6007DC21A /* ChessGamesViewController.swift in Sources */,
				520C4E0C1DE409E6007DC21A /* MessagesViewController.swift in Sources */,
				520C4E081DE409E6007DC21A /* Endgame+Messages.swift in Sources */,
				520C4E0A1DE409E6007DC21A /* GameHistory.swift in Sources */,
				520C4E071DE409E6007DC21A /* CreateCell.swift in Sources */,
				520C4E091DE409E6007DC21A /* GameCell.swift in Sources */,
			);
			runOnlyForDeploymentPostprocessing = 0;
		};
		524058A01D63F353000A925C /* Sources */ = {
			isa = PBXSourcesBuildPhase;
			buildActionMask = 2147483647;
			files = (
				524058CA1D63FA64000A925C /* WinchesterTests.swift in Sources */,
			);
			runOnlyForDeploymentPostprocessing = 0;
		};
		52BAE08E1D5FD555006E2652 /* Sources */ = {
			isa = PBXSourcesBuildPhase;
			buildActionMask = 2147483647;
			files = (
				528E212D1DC17E9800C45E17 /* AppCoordinator.swift in Sources */,
				52E325011DC282CF001FE392 /* SettingsViewController.swift in Sources */,
				528E21371DC17E9800C45E17 /* RootCollectionViewController.swift in Sources */,
				528E21301DC17E9800C45E17 /* Game+Endgame.swift in Sources */,
				528E212E1DC17E9800C45E17 /* AppDelegate.swift in Sources */,
				528E21381DC17E9800C45E17 /* ShowGameCell.swift in Sources */,
			);
			runOnlyForDeploymentPostprocessing = 0;
		};
		52FDDBF51DE602E6008E9621 /* Sources */ = {
			isa = PBXSourcesBuildPhase;
			buildActionMask = 2147483647;
			files = (
				52C0C08F1DE8A1C200F60B17 /* UIKit+Winchester.swift in Sources */,
				52FDDC191DE6083D008E9621 /* GameCoordinator.swift in Sources */,
				52FDDC151DE606C7008E9621 /* HistoryViewController.swift in Sources */,
				52FDDC161DE606C7008E9621 /* TitleViewController.swift in Sources */,
				52FDDC0B1DE6042C008E9621 /* GameViewController.swift in Sources */,
				52FDDC141DE606C7008E9621 /* BoardViewController.swift in Sources */,
			);
			runOnlyForDeploymentPostprocessing = 0;
		};
/* End PBXSourcesBuildPhase section */

/* Begin PBXTargetDependency section */
		520C4D811DE37DB3007DC21A /* PBXTargetDependency */ = {
			isa = PBXTargetDependency;
			target = 520C4D7A1DE37DB3007DC21A /* Shared */;
			targetProxy = 520C4D801DE37DB3007DC21A /* PBXContainerItemProxy */;
		};
		520C4DF31DE4080E007DC21A /* PBXTargetDependency */ = {
			isa = PBXTargetDependency;
			target = 520C4DE61DE4080E007DC21A /* Message */;
			targetProxy = 520C4DF21DE4080E007DC21A /* PBXContainerItemProxy */;
		};
		524058AA1D63F353000A925C /* PBXTargetDependency */ = {
			isa = PBXTargetDependency;
			target = 52BAE0911D5FD555006E2652 /* Winchester iOS */;
			targetProxy = 524058A91D63F353000A925C /* PBXContainerItemProxy */;
		};
		5267512B1DE61460006B11C1 /* PBXTargetDependency */ = {
			isa = PBXTargetDependency;
			target = 52FDDBF91DE602E6008E9621 /* Shared+iOS */;
			targetProxy = 5267512A1DE61460006B11C1 /* PBXContainerItemProxy */;
		};
		52FDDC041DE602FD008E9621 /* PBXTargetDependency */ = {
			isa = PBXTargetDependency;
			target = 520C4D7A1DE37DB3007DC21A /* Shared */;
			targetProxy = 52FDDC031DE602FD008E9621 /* PBXContainerItemProxy */;
		};
		52FDDC0F1DE604AB008E9621 /* PBXTargetDependency */ = {
			isa = PBXTargetDependency;
			target = 52FDDBF91DE602E6008E9621 /* Shared+iOS */;
			targetProxy = 52FDDC0E1DE604AB008E9621 /* PBXContainerItemProxy */;
		};
/* End PBXTargetDependency section */

/* Begin PBXVariantGroup section */
		520C4DEC1DE4080E007DC21A /* MainInterface.storyboard */ = {
			isa = PBXVariantGroup;
			children = (
				520C4DED1DE4080E007DC21A /* Base */,
			);
			name = MainInterface.storyboard;
			sourceTree = "<group>";
		};
		5237A6611D970B7C00BAC16E /* Main.storyboard */ = {
			isa = PBXVariantGroup;
			children = (
				5237A6621D970B7C00BAC16E /* Base */,
			);
			name = Main.storyboard;
			sourceTree = "<group>";
		};
		5240586B1D638483000A925C /* LaunchScreen.storyboard */ = {
			isa = PBXVariantGroup;
			children = (
				5240586C1D638483000A925C /* Base */,
			);
			name = LaunchScreen.storyboard;
			sourceTree = "<group>";
		};
/* End PBXVariantGroup section */

/* Begin XCBuildConfiguration section */
		520C4D851DE37DB3007DC21A /* Debug */ = {
			isa = XCBuildConfiguration;
			buildSettings = {
				CLANG_ENABLE_MODULES = YES;
				CODE_SIGN_IDENTITY = "iPhone Developer";
				"CODE_SIGN_IDENTITY[sdk=iphoneos*]" = "";
				CURRENT_PROJECT_VERSION = 1;
				DEFINES_MODULE = YES;
				DEVELOPMENT_TEAM = 55SVD8WGE3;
				DYLIB_COMPATIBILITY_VERSION = 1;
				DYLIB_CURRENT_VERSION = 1;
				DYLIB_INSTALL_NAME_BASE = "@rpath";
				INFOPLIST_FILE = Shared/Info.plist;
				INSTALL_PATH = "$(LOCAL_LIBRARY_DIR)/Frameworks";
				IPHONEOS_DEPLOYMENT_TARGET = 10.0;
				LD_RUNPATH_SEARCH_PATHS = "$(inherited) @executable_path/Frameworks @loader_path/Frameworks";
				PRODUCT_BUNDLE_IDENTIFIER = "Todd-Olsen.Shared";
				PRODUCT_NAME = "$(TARGET_NAME)";
				SKIP_INSTALL = YES;
				SWIFT_OPTIMIZATION_LEVEL = "-Onone";
				SWIFT_VERSION = 3.0;
				VERSIONING_SYSTEM = "apple-generic";
				VERSION_INFO_PREFIX = "";
			};
			name = Debug;
		};
		520C4D861DE37DB3007DC21A /* Release */ = {
			isa = XCBuildConfiguration;
			buildSettings = {
				CLANG_ENABLE_MODULES = YES;
				CODE_SIGN_IDENTITY = "iPhone Developer";
				"CODE_SIGN_IDENTITY[sdk=iphoneos*]" = "";
				CURRENT_PROJECT_VERSION = 1;
				DEFINES_MODULE = YES;
				DEVELOPMENT_TEAM = 55SVD8WGE3;
				DYLIB_COMPATIBILITY_VERSION = 1;
				DYLIB_CURRENT_VERSION = 1;
				DYLIB_INSTALL_NAME_BASE = "@rpath";
				INFOPLIST_FILE = Shared/Info.plist;
				INSTALL_PATH = "$(LOCAL_LIBRARY_DIR)/Frameworks";
				IPHONEOS_DEPLOYMENT_TARGET = 10.0;
				LD_RUNPATH_SEARCH_PATHS = "$(inherited) @executable_path/Frameworks @loader_path/Frameworks";
				PRODUCT_BUNDLE_IDENTIFIER = "Todd-Olsen.Shared";
				PRODUCT_NAME = "$(TARGET_NAME)";
				SKIP_INSTALL = YES;
				SWIFT_VERSION = 3.0;
				VERSIONING_SYSTEM = "apple-generic";
				VERSION_INFO_PREFIX = "";
			};
			name = Release;
		};
		520C4DF61DE4080E007DC21A /* Debug */ = {
			isa = XCBuildConfiguration;
			buildSettings = {
				ASSETCATALOG_COMPILER_APPICON_NAME = "iMessage App Icon";
				CLANG_ENABLE_MODULES = YES;
				CODE_SIGN_IDENTITY = "iPhone Developer";
				DEVELOPMENT_TEAM = 55SVD8WGE3;
				INFOPLIST_FILE = Message/Info.plist;
				IPHONEOS_DEPLOYMENT_TARGET = 10.1;
				LD_RUNPATH_SEARCH_PATHS = "$(inherited) @executable_path/Frameworks @executable_path/../../Frameworks";
				PRODUCT_BUNDLE_IDENTIFIER = proxpero.Winchester.Message;
				PRODUCT_NAME = Winchester;
				SKIP_INSTALL = YES;
				SWIFT_OPTIMIZATION_LEVEL = "-Onone";
				SWIFT_VERSION = 3.0;
			};
			name = Debug;
		};
		520C4DF71DE4080E007DC21A /* Release */ = {
			isa = XCBuildConfiguration;
			buildSettings = {
				ASSETCATALOG_COMPILER_APPICON_NAME = "iMessage App Icon";
				CLANG_ENABLE_MODULES = YES;
				CODE_SIGN_IDENTITY = "iPhone Developer";
				DEVELOPMENT_TEAM = 55SVD8WGE3;
				INFOPLIST_FILE = Message/Info.plist;
				IPHONEOS_DEPLOYMENT_TARGET = 10.1;
				LD_RUNPATH_SEARCH_PATHS = "$(inherited) @executable_path/Frameworks @executable_path/../../Frameworks";
				PRODUCT_BUNDLE_IDENTIFIER = proxpero.Winchester.Message;
				PRODUCT_NAME = Winchester;
				SKIP_INSTALL = YES;
				SWIFT_VERSION = 3.0;
			};
			name = Release;
		};
		524058AC1D63F353000A925C /* Debug */ = {
			isa = XCBuildConfiguration;
			buildSettings = {
				BUNDLE_LOADER = "$(TEST_HOST)";
				DEVELOPMENT_TEAM = 55SVD8WGE3;
				INFOPLIST_FILE = Tests/Info.plist;
				LD_RUNPATH_SEARCH_PATHS = "$(inherited) @executable_path/Frameworks @loader_path/Frameworks";
				PRODUCT_BUNDLE_IDENTIFIER = "proxpero.WinchesterTests-iOS";
				PRODUCT_NAME = "$(TARGET_NAME)";
				SWIFT_VERSION = 3.0;
				TEST_HOST = "$(BUILT_PRODUCTS_DIR)/Winchester.app/Winchester";
			};
			name = Debug;
		};
		524058AD1D63F353000A925C /* Release */ = {
			isa = XCBuildConfiguration;
			buildSettings = {
				BUNDLE_LOADER = "$(TEST_HOST)";
				DEVELOPMENT_TEAM = 55SVD8WGE3;
				INFOPLIST_FILE = Tests/Info.plist;
				LD_RUNPATH_SEARCH_PATHS = "$(inherited) @executable_path/Frameworks @loader_path/Frameworks";
				PRODUCT_BUNDLE_IDENTIFIER = "proxpero.WinchesterTests-iOS";
				PRODUCT_NAME = "$(TARGET_NAME)";
				SWIFT_VERSION = 3.0;
				TEST_HOST = "$(BUILT_PRODUCTS_DIR)/Winchester.app/Winchester";
			};
			name = Release;
		};
		52BAE0A21D5FD555006E2652 /* Debug */ = {
			isa = XCBuildConfiguration;
			buildSettings = {
				ALWAYS_SEARCH_USER_PATHS = NO;
				CLANG_ANALYZER_NONNULL = YES;
				CLANG_CXX_LANGUAGE_STANDARD = "gnu++0x";
				CLANG_CXX_LIBRARY = "libc++";
				CLANG_ENABLE_MODULES = YES;
				CLANG_ENABLE_OBJC_ARC = YES;
				CLANG_WARN_BOOL_CONVERSION = YES;
				CLANG_WARN_CONSTANT_CONVERSION = YES;
				CLANG_WARN_DIRECT_OBJC_ISA_USAGE = YES_ERROR;
				CLANG_WARN_DOCUMENTATION_COMMENTS = YES;
				CLANG_WARN_EMPTY_BODY = YES;
				CLANG_WARN_ENUM_CONVERSION = YES;
				CLANG_WARN_INFINITE_RECURSION = YES;
				CLANG_WARN_INT_CONVERSION = YES;
				CLANG_WARN_OBJC_ROOT_CLASS = YES_ERROR;
				CLANG_WARN_SUSPICIOUS_MOVE = YES;
				CLANG_WARN_SUSPICIOUS_MOVES = YES;
				CLANG_WARN_UNREACHABLE_CODE = YES;
				CLANG_WARN__DUPLICATE_METHOD_MATCH = YES;
				"CODE_SIGN_IDENTITY[sdk=iphoneos*]" = "iPhone Developer";
				COPY_PHASE_STRIP = NO;
				DEBUG_INFORMATION_FORMAT = dwarf;
				ENABLE_STRICT_OBJC_MSGSEND = YES;
				ENABLE_TESTABILITY = YES;
				GCC_C_LANGUAGE_STANDARD = gnu99;
				GCC_DYNAMIC_NO_PIC = NO;
				GCC_NO_COMMON_BLOCKS = YES;
				GCC_OPTIMIZATION_LEVEL = 0;
				GCC_PREPROCESSOR_DEFINITIONS = (
					"DEBUG=1",
					"$(inherited)",
				);
				GCC_WARN_64_TO_32_BIT_CONVERSION = YES;
				GCC_WARN_ABOUT_RETURN_TYPE = YES_ERROR;
				GCC_WARN_UNDECLARED_SELECTOR = YES;
				GCC_WARN_UNINITIALIZED_AUTOS = YES_AGGRESSIVE;
				GCC_WARN_UNUSED_FUNCTION = YES;
				GCC_WARN_UNUSED_VARIABLE = YES;
				IPHONEOS_DEPLOYMENT_TARGET = 10.0;
				MTL_ENABLE_DEBUG_INFO = YES;
				ONLY_ACTIVE_ARCH = YES;
				SDKROOT = iphoneos;
				SWIFT_ACTIVE_COMPILATION_CONDITIONS = DEBUG;
				SWIFT_OPTIMIZATION_LEVEL = "-Onone";
				TARGETED_DEVICE_FAMILY = "1,2";
			};
			name = Debug;
		};
		52BAE0A31D5FD555006E2652 /* Release */ = {
			isa = XCBuildConfiguration;
			buildSettings = {
				ALWAYS_SEARCH_USER_PATHS = NO;
				CLANG_ANALYZER_NONNULL = YES;
				CLANG_CXX_LANGUAGE_STANDARD = "gnu++0x";
				CLANG_CXX_LIBRARY = "libc++";
				CLANG_ENABLE_MODULES = YES;
				CLANG_ENABLE_OBJC_ARC = YES;
				CLANG_WARN_BOOL_CONVERSION = YES;
				CLANG_WARN_CONSTANT_CONVERSION = YES;
				CLANG_WARN_DIRECT_OBJC_ISA_USAGE = YES_ERROR;
				CLANG_WARN_DOCUMENTATION_COMMENTS = YES;
				CLANG_WARN_EMPTY_BODY = YES;
				CLANG_WARN_ENUM_CONVERSION = YES;
				CLANG_WARN_INFINITE_RECURSION = YES;
				CLANG_WARN_INT_CONVERSION = YES;
				CLANG_WARN_OBJC_ROOT_CLASS = YES_ERROR;
				CLANG_WARN_SUSPICIOUS_MOVE = YES;
				CLANG_WARN_SUSPICIOUS_MOVES = YES;
				CLANG_WARN_UNREACHABLE_CODE = YES;
				CLANG_WARN__DUPLICATE_METHOD_MATCH = YES;
				"CODE_SIGN_IDENTITY[sdk=iphoneos*]" = "iPhone Developer";
				COPY_PHASE_STRIP = NO;
				DEBUG_INFORMATION_FORMAT = "dwarf-with-dsym";
				ENABLE_NS_ASSERTIONS = NO;
				ENABLE_STRICT_OBJC_MSGSEND = YES;
				GCC_C_LANGUAGE_STANDARD = gnu99;
				GCC_NO_COMMON_BLOCKS = YES;
				GCC_WARN_64_TO_32_BIT_CONVERSION = YES;
				GCC_WARN_ABOUT_RETURN_TYPE = YES_ERROR;
				GCC_WARN_UNDECLARED_SELECTOR = YES;
				GCC_WARN_UNINITIALIZED_AUTOS = YES_AGGRESSIVE;
				GCC_WARN_UNUSED_FUNCTION = YES;
				GCC_WARN_UNUSED_VARIABLE = YES;
				IPHONEOS_DEPLOYMENT_TARGET = 10.0;
				MTL_ENABLE_DEBUG_INFO = NO;
				SDKROOT = iphoneos;
				SWIFT_OPTIMIZATION_LEVEL = "-Owholemodule";
				TARGETED_DEVICE_FAMILY = "1,2";
				VALIDATE_PRODUCT = YES;
			};
			name = Release;
		};
		52BAE0A51D5FD555006E2652 /* Debug */ = {
			isa = XCBuildConfiguration;
			buildSettings = {
				ALWAYS_EMBED_SWIFT_STANDARD_LIBRARIES = YES;
				ASSETCATALOG_COMPILER_APPICON_NAME = AppIcon;
				CODE_SIGN_IDENTITY = "iPhone Developer";
				DEVELOPMENT_TEAM = 55SVD8WGE3;
				INFOPLIST_FILE = "$(SRCROOT)/iOS/Info.plist";
				IPHONEOS_DEPLOYMENT_TARGET = 10.0;
				LD_RUNPATH_SEARCH_PATHS = "$(inherited) @executable_path/Frameworks";
				PRODUCT_BUNDLE_IDENTIFIER = proxpero.Winchester;
				PRODUCT_NAME = Winchester;
				SWIFT_VERSION = 3.0;
			};
			name = Debug;
		};
		52BAE0A61D5FD555006E2652 /* Release */ = {
			isa = XCBuildConfiguration;
			buildSettings = {
				ALWAYS_EMBED_SWIFT_STANDARD_LIBRARIES = YES;
				ASSETCATALOG_COMPILER_APPICON_NAME = AppIcon;
				CODE_SIGN_IDENTITY = "iPhone Developer";
				DEVELOPMENT_TEAM = 55SVD8WGE3;
				INFOPLIST_FILE = "$(SRCROOT)/iOS/Info.plist";
				IPHONEOS_DEPLOYMENT_TARGET = 10.0;
				LD_RUNPATH_SEARCH_PATHS = "$(inherited) @executable_path/Frameworks";
				PRODUCT_BUNDLE_IDENTIFIER = proxpero.Winchester;
				PRODUCT_NAME = Winchester;
				SWIFT_VERSION = 3.0;
			};
			name = Release;
		};
		52FDDC001DE602E6008E9621 /* Debug */ = {
			isa = XCBuildConfiguration;
			buildSettings = {
				CLANG_ENABLE_MODULES = YES;
				CODE_SIGN_IDENTITY = "iPhone Developer";
				"CODE_SIGN_IDENTITY[sdk=iphoneos*]" = "";
				CURRENT_PROJECT_VERSION = 1;
				DEFINES_MODULE = YES;
				DEVELOPMENT_TEAM = 55SVD8WGE3;
				DYLIB_COMPATIBILITY_VERSION = 1;
				DYLIB_CURRENT_VERSION = 1;
				DYLIB_INSTALL_NAME_BASE = "@rpath";
				INFOPLIST_FILE = "Shared+iOS/Info.plist";
				INSTALL_PATH = "$(LOCAL_LIBRARY_DIR)/Frameworks";
				IPHONEOS_DEPLOYMENT_TARGET = 10.0;
				LD_RUNPATH_SEARCH_PATHS = "$(inherited) @executable_path/Frameworks @loader_path/Frameworks";
				PRODUCT_BUNDLE_IDENTIFIER = "Todd-Olsen.Shared-iOS";
				PRODUCT_NAME = Shared_iOS;
				SKIP_INSTALL = YES;
				SWIFT_INSTALL_OBJC_HEADER = YES;
				SWIFT_OBJC_INTERFACE_HEADER_NAME = "Shared+iOS.h";
				SWIFT_OPTIMIZATION_LEVEL = "-Onone";
				SWIFT_VERSION = 3.0;
				VERSIONING_SYSTEM = "apple-generic";
				VERSION_INFO_PREFIX = "";
			};
			name = Debug;
		};
		52FDDC011DE602E6008E9621 /* Release */ = {
			isa = XCBuildConfiguration;
			buildSettings = {
				CLANG_ENABLE_MODULES = YES;
				CODE_SIGN_IDENTITY = "iPhone Developer";
				"CODE_SIGN_IDENTITY[sdk=iphoneos*]" = "";
				CURRENT_PROJECT_VERSION = 1;
				DEFINES_MODULE = YES;
				DEVELOPMENT_TEAM = 55SVD8WGE3;
				DYLIB_COMPATIBILITY_VERSION = 1;
				DYLIB_CURRENT_VERSION = 1;
				DYLIB_INSTALL_NAME_BASE = "@rpath";
				INFOPLIST_FILE = "Shared+iOS/Info.plist";
				INSTALL_PATH = "$(LOCAL_LIBRARY_DIR)/Frameworks";
				IPHONEOS_DEPLOYMENT_TARGET = 10.0;
				LD_RUNPATH_SEARCH_PATHS = "$(inherited) @executable_path/Frameworks @loader_path/Frameworks";
				PRODUCT_BUNDLE_IDENTIFIER = "Todd-Olsen.Shared-iOS";
				PRODUCT_NAME = Shared_iOS;
				SKIP_INSTALL = YES;
				SWIFT_INSTALL_OBJC_HEADER = YES;
				SWIFT_OBJC_INTERFACE_HEADER_NAME = "Shared+iOS.h";
				SWIFT_VERSION = 3.0;
				VERSIONING_SYSTEM = "apple-generic";
				VERSION_INFO_PREFIX = "";
			};
			name = Release;
		};
/* End XCBuildConfiguration section */

/* Begin XCConfigurationList section */
		520C4D841DE37DB3007DC21A /* Build configuration list for PBXNativeTarget "Shared" */ = {
			isa = XCConfigurationList;
			buildConfigurations = (
				520C4D851DE37DB3007DC21A /* Debug */,
				520C4D861DE37DB3007DC21A /* Release */,
			);
			defaultConfigurationIsVisible = 0;
			defaultConfigurationName = Release;
		};
		520C4DF51DE4080E007DC21A /* Build configuration list for PBXNativeTarget "Message" */ = {
			isa = XCConfigurationList;
			buildConfigurations = (
				520C4DF61DE4080E007DC21A /* Debug */,
				520C4DF71DE4080E007DC21A /* Release */,
			);
			defaultConfigurationIsVisible = 0;
			defaultConfigurationName = Release;
		};
		524058AB1D63F353000A925C /* Build configuration list for PBXNativeTarget "WinchesterTests" */ = {
			isa = XCConfigurationList;
			buildConfigurations = (
				524058AC1D63F353000A925C /* Debug */,
				524058AD1D63F353000A925C /* Release */,
			);
			defaultConfigurationIsVisible = 0;
			defaultConfigurationName = Release;
		};
		52BAE08D1D5FD555006E2652 /* Build configuration list for PBXProject "Winchester" */ = {
			isa = XCConfigurationList;
			buildConfigurations = (
				52BAE0A21D5FD555006E2652 /* Debug */,
				52BAE0A31D5FD555006E2652 /* Release */,
			);
			defaultConfigurationIsVisible = 0;
			defaultConfigurationName = Release;
		};
		52BAE0A41D5FD555006E2652 /* Build configuration list for PBXNativeTarget "Winchester iOS" */ = {
			isa = XCConfigurationList;
			buildConfigurations = (
				52BAE0A51D5FD555006E2652 /* Debug */,
				52BAE0A61D5FD555006E2652 /* Release */,
			);
			defaultConfigurationIsVisible = 0;
			defaultConfigurationName = Release;
		};
		52FDDBFF1DE602E6008E9621 /* Build configuration list for PBXNativeTarget "Shared+iOS" */ = {
			isa = XCConfigurationList;
			buildConfigurations = (
				52FDDC001DE602E6008E9621 /* Debug */,
				52FDDC011DE602E6008E9621 /* Release */,
			);
			defaultConfigurationIsVisible = 0;
			defaultConfigurationName = Release;
		};
/* End XCConfigurationList section */
	};
	rootObject = 52BAE08A1D5FD555006E2652 /* Project object */;
}
